PODS:
  - Alamofire (4.8.0)
  - CodableAlamofire (1.1.0):
    - Alamofire (~> 4.0)
  - Crashlytics (3.12.0):
    - Fabric (~> 1.9.0)
  - Fabric (1.9.0)
  - RxAtomic (4.4.0)
  - RxCocoa (4.4.0):
    - RxSwift (~> 4.0)
  - RxSwift (4.4.0):
    - RxAtomic (~> 4.4)
  - RxSwiftUtilities (2.1.0):
    - RxCocoa (~> 4.0)
    - RxSwift (~> 4.0)
  - SimulatorStatusMagic (2.3.2)
  - SwiftProjection (1.0.4):
    - Threadly (~> 2.0.1)
  - Threadly (2.0.1)
  - XMLParsing (0.0.3)

DEPENDENCIES:
  - Alamofire
  - CodableAlamofire
  - Crashlytics
  - Fabric
  - RxCocoa
  - RxSwift
  - RxSwiftUtilities
  - SimulatorStatusMagic
  - SwiftProjection
  - XMLParsing (from `https://github.com/ShawnMoore/XMLParsing.git`)

SPEC REPOS:
  https://github.com/cocoapods/specs.git:
    - Alamofire
    - CodableAlamofire
    - Crashlytics
    - Fabric
    - RxAtomic
    - RxCocoa
    - RxSwift
    - RxSwiftUtilities
    - SimulatorStatusMagic
    - SwiftProjection
    - Threadly

EXTERNAL SOURCES:
  XMLParsing:
    :git: https://github.com/ShawnMoore/XMLParsing.git

CHECKOUT OPTIONS:
  XMLParsing:
    :commit: 594272e4df40798c53ae1735ee65f3f387291670
    :git: https://github.com/ShawnMoore/XMLParsing.git

SPEC CHECKSUMS:
  Alamofire: 3ec537f71edc9804815215393ae2b1a8ea33a844
  CodableAlamofire: e2d2edcec7cf413f7862c30c8fa98eded27a83f9
  Crashlytics: 07fb167b1694128c1c9a5a5cc319b0e9c3ca0933
  Fabric: f988e33c97f08930a413e08123064d2e5f68d655
  RxAtomic: eacf60db868c96bfd63320e28619fe29c179656f
  RxCocoa: df63ebf7b9a70d6b4eeea407ed5dd4efc8979749
  RxSwift: 5976ecd04fc2fefd648827c23de5e11157faa973
  RxSwiftUtilities: b486df7454cc867c3ea626ce24110511159e7044
  SimulatorStatusMagic: 0c0e711acef6e70dd8a0710962347635a9cdef24
  SwiftProjection: ecb419680cebd2b775e17b682510137a1d4c0ec3
  Threadly: 749ce89c59c17b77db00549fd2a643537296645e
  XMLParsing: 085edb6fa22c71d6b53a79299f990a91e7414d19

PODFILE CHECKSUM: 73515f6cc454968bad610313aec4e8c94cadab74

COCOAPODS: 1.5.2
