// !$*UTF8*$!
{
	archiveVersion = 1;
	classes = {
	};
	objectVersion = 50;
	objects = {

/* Begin PBXBuildFile section */
		12DB66AC61603ADB5AC77EF9 /* Pods_Bicisendas.framework in Frameworks */ = {isa = PBXBuildFile; fileRef = C919799863352F86DC5DA96B /* Pods_Bicisendas.framework */; };
		6E0B4DBE2134679D0038ED9D /* Routes.storyboard in Resources */ = {isa = PBXBuildFile; fileRef = 6E0B4DBD2134679D0038ED9D /* Routes.storyboard */; };
		6E0B4DC1213467CE0038ED9D /* RoutesViewController.swift in Sources */ = {isa = PBXBuildFile; fileRef = 6E0B4DC0213467CE0038ED9D /* RoutesViewController.swift */; };
		6E0B4DC62134697A0038ED9D /* usig-api.html in Resources */ = {isa = PBXBuildFile; fileRef = 6E0B4DC52134697A0038ED9D /* usig-api.html */; };
		6E0B4DCA21348B110038ED9D /* USIGWrapper.swift in Sources */ = {isa = PBXBuildFile; fileRef = 6E0B4DC921348B110038ED9D /* USIGWrapper.swift */; };
		6E0F52D1212DCDBF000F1D5D /* ToggleBikeStationsButton.swift in Sources */ = {isa = PBXBuildFile; fileRef = 6E0F52D0212DCDBF000F1D5D /* ToggleBikeStationsButton.swift */; };
		6E1D6FF9215D9A1200AA0F71 /* USIGCoordinateHelper.m in Sources */ = {isa = PBXBuildFile; fileRef = 6E1D6FF8215D9A1200AA0F71 /* USIGCoordinateHelper.m */; };
		6E47A5252151797C0071C381 /* RoutesViewModel.swift in Sources */ = {isa = PBXBuildFile; fileRef = 6E47A5242151797C0071C381 /* RoutesViewModel.swift */; };
		6E47A5452151873A0071C381 /* CompletionResultViewModel.swift in Sources */ = {isa = PBXBuildFile; fileRef = 6E47A5442151873A0071C381 /* CompletionResultViewModel.swift */; };
		6E47A54721519BC50071C381 /* SuggestionsTableViewController.swift in Sources */ = {isa = PBXBuildFile; fileRef = 6E47A54621519BC50071C381 /* SuggestionsTableViewController.swift */; };
		6E5152BA2136BF9600803C51 /* CalleDAO.swift in Sources */ = {isa = PBXBuildFile; fileRef = 6E5152B92136BF9600803C51 /* CalleDAO.swift */; };
		6E5152BC2136C1F100803C51 /* DireccionDAO.swift in Sources */ = {isa = PBXBuildFile; fileRef = 6E5152BB2136C1F100803C51 /* DireccionDAO.swift */; };
		6E5152BE2136C21B00803C51 /* TipoDireccionDAO.swift in Sources */ = {isa = PBXBuildFile; fileRef = 6E5152BD2136C21B00803C51 /* TipoDireccionDAO.swift */; };
		6E5152C02136CB9000803C51 /* USIGType.swift in Sources */ = {isa = PBXBuildFile; fileRef = 6E5152BF2136CB9000803C51 /* USIGType.swift */; };
		6E51B0D021396D9C006BDC1F /* BicisendasUITests.swift in Sources */ = {isa = PBXBuildFile; fileRef = 6E51B0CF21396D9C006BDC1F /* BicisendasUITests.swift */; };
		6E51B0D821396DC3006BDC1F /* SnapshotHelper.swift in Sources */ = {isa = PBXBuildFile; fileRef = 6E51B0D721396DC3006BDC1F /* SnapshotHelper.swift */; };
		6E51B0DA21398B14006BDC1F /* CLLocationCoordinate2D+Bicisendas.swift in Sources */ = {isa = PBXBuildFile; fileRef = 6E51B0D921398B14006BDC1F /* CLLocationCoordinate2D+Bicisendas.swift */; };
		6E51B0DC21398B64006BDC1F /* MKCoordinateSpan+Bicisendas.swift in Sources */ = {isa = PBXBuildFile; fileRef = 6E51B0DB21398B64006BDC1F /* MKCoordinateSpan+Bicisendas.swift */; };
		6E5F7C99211E11B900E4E7B5 /* AppDelegate.swift in Sources */ = {isa = PBXBuildFile; fileRef = 6E5F7C98211E11B900E4E7B5 /* AppDelegate.swift */; };
		6E5F7C9B211E11B900E4E7B5 /* MapViewController.swift in Sources */ = {isa = PBXBuildFile; fileRef = 6E5F7C9A211E11B900E4E7B5 /* MapViewController.swift */; };
		6E5F7C9E211E11B900E4E7B5 /* Main.storyboard in Resources */ = {isa = PBXBuildFile; fileRef = 6E5F7C9C211E11B900E4E7B5 /* Main.storyboard */; };
		6E5F7CA0211E11BB00E4E7B5 /* Assets.xcassets in Resources */ = {isa = PBXBuildFile; fileRef = 6E5F7C9F211E11BB00E4E7B5 /* Assets.xcassets */; };
		6E5F7CA3211E11BB00E4E7B5 /* LaunchScreen.storyboard in Resources */ = {isa = PBXBuildFile; fileRef = 6E5F7CA1211E11BB00E4E7B5 /* LaunchScreen.storyboard */; };
		6E694B982154408C00EA86F6 /* SuggestionTableViewCell.swift in Sources */ = {isa = PBXBuildFile; fileRef = 6E694B962154408C00EA86F6 /* SuggestionTableViewCell.swift */; };
		6E694B992154408C00EA86F6 /* SuggestionTableViewCell.xib in Resources */ = {isa = PBXBuildFile; fileRef = 6E694B972154408C00EA86F6 /* SuggestionTableViewCell.xib */; };
		6E708FF9213DC12200DE052C /* USIGContainer.swift in Sources */ = {isa = PBXBuildFile; fileRef = 6E708FF8213DC12200DE052C /* USIGContainer.swift */; };
		6E708FFB213DC15300DE052C /* USIGObject.swift in Sources */ = {isa = PBXBuildFile; fileRef = 6E708FFA213DC15300DE052C /* USIGObject.swift */; };
		6E7F762D215AA12900F4F57F /* PuntoDAO.swift in Sources */ = {isa = PBXBuildFile; fileRef = 6E7F762C215AA12900F4F57F /* PuntoDAO.swift */; };
		6E8E15022177659D00E786D8 /* RouteSummaryViewController.swift in Sources */ = {isa = PBXBuildFile; fileRef = 6E8E15012177659D00E786D8 /* RouteSummaryViewController.swift */; };
		6E8E15042177814000E786D8 /* RouteStep.swift in Sources */ = {isa = PBXBuildFile; fileRef = 6E8E15032177814000E786D8 /* RouteStep.swift */; };
		6E8E1506217794B600E786D8 /* TipoRecorridoPaso.swift in Sources */ = {isa = PBXBuildFile; fileRef = 6E8E1505217794B600E786D8 /* TipoRecorridoPaso.swift */; };
		6E8E15082177D46500E786D8 /* RouteLocation.swift in Sources */ = {isa = PBXBuildFile; fileRef = 6E8E15072177D46500E786D8 /* RouteLocation.swift */; };
		6EAF5A9E215C378B00C9AC34 /* BicisendasTests.swift in Sources */ = {isa = PBXBuildFile; fileRef = 6EAF5A9D215C378B00C9AC34 /* BicisendasTests.swift */; };
		6EB2A51F2170E57A00BF0CD8 /* RouteReceiver.swift in Sources */ = {isa = PBXBuildFile; fileRef = 6EB2A51E2170E57A00BF0CD8 /* RouteReceiver.swift */; };
		6EB2A521217103DC00BF0CD8 /* Route.swift in Sources */ = {isa = PBXBuildFile; fileRef = 6EB2A520217103DC00BF0CD8 /* Route.swift */; };
		6EB2A52321710E5400BF0CD8 /* RecorridoPasoDAO.swift in Sources */ = {isa = PBXBuildFile; fileRef = 6EB2A52221710E5400BF0CD8 /* RecorridoPasoDAO.swift */; };
		6EB2A5262171206800BF0CD8 /* GMLFeature.swift in Sources */ = {isa = PBXBuildFile; fileRef = 6EB2A5252171206800BF0CD8 /* GMLFeature.swift */; };
		6EB2A5282171209A00BF0CD8 /* GMLType.swift in Sources */ = {isa = PBXBuildFile; fileRef = 6EB2A5272171209A00BF0CD8 /* GMLType.swift */; };
		6EB2A52A2171210000BF0CD8 /* GMLParsingTests.swift in Sources */ = {isa = PBXBuildFile; fileRef = 6EB2A5292171210000BF0CD8 /* GMLParsingTests.swift */; };
		6EB2A52E2171248F00BF0CD8 /* GMLPoint.swift in Sources */ = {isa = PBXBuildFile; fileRef = 6EB2A52D2171248F00BF0CD8 /* GMLPoint.swift */; };
		6EB2A5302171254600BF0CD8 /* GMLCoordinateString.swift in Sources */ = {isa = PBXBuildFile; fileRef = 6EB2A52F2171254600BF0CD8 /* GMLCoordinateString.swift */; };
		6EB2A532217126CD00BF0CD8 /* GMLMultilineString.swift in Sources */ = {isa = PBXBuildFile; fileRef = 6EB2A531217126CD00BF0CD8 /* GMLMultilineString.swift */; };
		6EB2A5342171274200BF0CD8 /* GMLLineStringMember.swift in Sources */ = {isa = PBXBuildFile; fileRef = 6EB2A5332171274200BF0CD8 /* GMLLineStringMember.swift */; };
		6EB2A5362171291F00BF0CD8 /* GMLLineString.swift in Sources */ = {isa = PBXBuildFile; fileRef = 6EB2A5352171291F00BF0CD8 /* GMLLineString.swift */; };
		6EC8452E2128CB5E00E34491 /* Localizable.strings in Resources */ = {isa = PBXBuildFile; fileRef = 6EC8452C2128CB5E00E34491 /* Localizable.strings */; };
		6EF24ACA2164103500FD812A /* RecorridoDAO.swift in Sources */ = {isa = PBXBuildFile; fileRef = 6EF24AC92164103500FD812A /* RecorridoDAO.swift */; };
		6EF24ACC21652AA400FD812A /* USIGCoordinateString.swift in Sources */ = {isa = PBXBuildFile; fileRef = 6EF24ACB21652AA400FD812A /* USIGCoordinateString.swift */; };
		6EF57721212C8AA200A17152 /* MapViewModel.swift in Sources */ = {isa = PBXBuildFile; fileRef = 6EF57720212C8AA200A17152 /* MapViewModel.swift */; };
		6EF57724212C8DAF00A17152 /* NetworkOperation.swift in Sources */ = {isa = PBXBuildFile; fileRef = 6EF57723212C8DAF00A17152 /* NetworkOperation.swift */; };
		6EF57727212C90D200A17152 /* NetworkOperation+Rx.swift in Sources */ = {isa = PBXBuildFile; fileRef = 6EF57726212C90D200A17152 /* NetworkOperation+Rx.swift */; };
		6EF57729212C921F00A17152 /* BikeStationsOperation.swift in Sources */ = {isa = PBXBuildFile; fileRef = 6EF57728212C921F00A17152 /* BikeStationsOperation.swift */; };
		6EF5772D212C92D300A17152 /* Request+Debugging.swift in Sources */ = {isa = PBXBuildFile; fileRef = 6EF5772C212C92D300A17152 /* Request+Debugging.swift */; };
		6EF57734212CB00800A17152 /* BikeStation.swift in Sources */ = {isa = PBXBuildFile; fileRef = 6EF57733212CB00800A17152 /* BikeStation.swift */; };
		6EF57735212CCB9700A17152 /* InfoPlist.strings in Resources */ = {isa = PBXBuildFile; fileRef = 6E79B44A21272CF200CC5B15 /* InfoPlist.strings */; };
		6EF57738212CCDC800A17152 /* GeoJSON.framework in Embed Frameworks */ = {isa = PBXBuildFile; fileRef = 6EF57717212C851400A17152 /* GeoJSON.framework */; settings = {ATTRIBUTES = (CodeSignOnCopy, RemoveHeadersOnCopy, ); }; };
		6EF5773C212CD8F000A17152 /* BikeStandMarkerAnnotationView.swift in Sources */ = {isa = PBXBuildFile; fileRef = 6EF5773B212CD8F000A17152 /* BikeStandMarkerAnnotationView.swift */; };
		8E5628DDAD64FE81F1B790F9 /* Pods_BicisendasTests.framework in Frameworks */ = {isa = PBXBuildFile; fileRef = D7979A354AB85D4528DB2E46 /* Pods_BicisendasTests.framework */; };
/* End PBXBuildFile section */

/* Begin PBXContainerItemProxy section */
		6E51B0D221396D9C006BDC1F /* PBXContainerItemProxy */ = {
			isa = PBXContainerItemProxy;
			containerPortal = 6E5F7C8D211E11B900E4E7B5 /* Project object */;
			proxyType = 1;
			remoteGlobalIDString = 6E5F7C94211E11B900E4E7B5;
			remoteInfo = Bicisendas;
		};
		6EAF5AA0215C378B00C9AC34 /* PBXContainerItemProxy */ = {
			isa = PBXContainerItemProxy;
			containerPortal = 6E5F7C8D211E11B900E4E7B5 /* Project object */;
			proxyType = 1;
			remoteGlobalIDString = 6E5F7C94211E11B900E4E7B5;
			remoteInfo = Bicisendas;
		};
/* End PBXContainerItemProxy section */

/* Begin PBXCopyFilesBuildPhase section */
		6EF57739212CCDC800A17152 /* Embed Frameworks */ = {
			isa = PBXCopyFilesBuildPhase;
			buildActionMask = 2147483647;
			dstPath = "";
			dstSubfolderSpec = 10;
			files = (
				6EF57738212CCDC800A17152 /* GeoJSON.framework in Embed Frameworks */,
			);
			name = "Embed Frameworks";
			runOnlyForDeploymentPostprocessing = 0;
		};
/* End PBXCopyFilesBuildPhase section */

/* Begin PBXFileReference section */
		22FE738DC1193FD5C2E95070 /* Pods-Bicisendas.release.xcconfig */ = {isa = PBXFileReference; includeInIndex = 1; lastKnownFileType = text.xcconfig; name = "Pods-Bicisendas.release.xcconfig"; path = "Pods/Target Support Files/Pods-Bicisendas/Pods-Bicisendas.release.xcconfig"; sourceTree = "<group>"; };
		50AF24838A564C79E196A614 /* Pods-BicisendasTests.debug.xcconfig */ = {isa = PBXFileReference; includeInIndex = 1; lastKnownFileType = text.xcconfig; name = "Pods-BicisendasTests.debug.xcconfig"; path = "Pods/Target Support Files/Pods-BicisendasTests/Pods-BicisendasTests.debug.xcconfig"; sourceTree = "<group>"; };
		613F2C873179532AFB7D892F /* Pods-Bicisendas.debug.xcconfig */ = {isa = PBXFileReference; includeInIndex = 1; lastKnownFileType = text.xcconfig; name = "Pods-Bicisendas.debug.xcconfig"; path = "Pods/Target Support Files/Pods-Bicisendas/Pods-Bicisendas.debug.xcconfig"; sourceTree = "<group>"; };
		6E0B4DBD2134679D0038ED9D /* Routes.storyboard */ = {isa = PBXFileReference; lastKnownFileType = file.storyboard; path = Routes.storyboard; sourceTree = "<group>"; };
		6E0B4DC0213467CE0038ED9D /* RoutesViewController.swift */ = {isa = PBXFileReference; lastKnownFileType = sourcecode.swift; path = RoutesViewController.swift; sourceTree = "<group>"; };
		6E0B4DC52134697A0038ED9D /* usig-api.html */ = {isa = PBXFileReference; fileEncoding = 4; lastKnownFileType = text.html; path = "usig-api.html"; sourceTree = "<group>"; };
		6E0B4DC921348B110038ED9D /* USIGWrapper.swift */ = {isa = PBXFileReference; lastKnownFileType = sourcecode.swift; path = USIGWrapper.swift; sourceTree = "<group>"; };
		6E0F52D0212DCDBF000F1D5D /* ToggleBikeStationsButton.swift */ = {isa = PBXFileReference; lastKnownFileType = sourcecode.swift; path = ToggleBikeStationsButton.swift; sourceTree = "<group>"; };
		6E1D6FF4215D99DD00AA0F71 /* Bicisendas-Bridging-Header.h */ = {isa = PBXFileReference; lastKnownFileType = sourcecode.c.h; path = "Bicisendas-Bridging-Header.h"; sourceTree = "<group>"; };
		6E1D6FF7215D9A1200AA0F71 /* USIGCoordinateHelper.h */ = {isa = PBXFileReference; lastKnownFileType = sourcecode.c.h; path = USIGCoordinateHelper.h; sourceTree = "<group>"; };
		6E1D6FF8215D9A1200AA0F71 /* USIGCoordinateHelper.m */ = {isa = PBXFileReference; lastKnownFileType = sourcecode.c.objc; path = USIGCoordinateHelper.m; sourceTree = "<group>"; };
		6E47A5242151797C0071C381 /* RoutesViewModel.swift */ = {isa = PBXFileReference; lastKnownFileType = sourcecode.swift; path = RoutesViewModel.swift; sourceTree = "<group>"; };
		6E47A5442151873A0071C381 /* CompletionResultViewModel.swift */ = {isa = PBXFileReference; lastKnownFileType = sourcecode.swift; path = CompletionResultViewModel.swift; sourceTree = "<group>"; };
		6E47A54621519BC50071C381 /* SuggestionsTableViewController.swift */ = {isa = PBXFileReference; lastKnownFileType = sourcecode.swift; path = SuggestionsTableViewController.swift; sourceTree = "<group>"; };
		6E5152B92136BF9600803C51 /* CalleDAO.swift */ = {isa = PBXFileReference; lastKnownFileType = sourcecode.swift; path = CalleDAO.swift; sourceTree = "<group>"; };
		6E5152BB2136C1F100803C51 /* DireccionDAO.swift */ = {isa = PBXFileReference; lastKnownFileType = sourcecode.swift; path = DireccionDAO.swift; sourceTree = "<group>"; };
		6E5152BD2136C21B00803C51 /* TipoDireccionDAO.swift */ = {isa = PBXFileReference; lastKnownFileType = sourcecode.swift; path = TipoDireccionDAO.swift; sourceTree = "<group>"; };
		6E5152BF2136CB9000803C51 /* USIGType.swift */ = {isa = PBXFileReference; lastKnownFileType = sourcecode.swift; path = USIGType.swift; sourceTree = "<group>"; };
		6E51B0CD21396D9C006BDC1F /* BicisendasUITests.xctest */ = {isa = PBXFileReference; explicitFileType = wrapper.cfbundle; includeInIndex = 0; path = BicisendasUITests.xctest; sourceTree = BUILT_PRODUCTS_DIR; };
		6E51B0CF21396D9C006BDC1F /* BicisendasUITests.swift */ = {isa = PBXFileReference; lastKnownFileType = sourcecode.swift; path = BicisendasUITests.swift; sourceTree = "<group>"; };
		6E51B0D121396D9C006BDC1F /* Info.plist */ = {isa = PBXFileReference; lastKnownFileType = text.plist.xml; path = Info.plist; sourceTree = "<group>"; };
		6E51B0D721396DC3006BDC1F /* SnapshotHelper.swift */ = {isa = PBXFileReference; fileEncoding = 4; lastKnownFileType = sourcecode.swift; path = SnapshotHelper.swift; sourceTree = "<group>"; };
		6E51B0D921398B14006BDC1F /* CLLocationCoordinate2D+Bicisendas.swift */ = {isa = PBXFileReference; lastKnownFileType = sourcecode.swift; path = "CLLocationCoordinate2D+Bicisendas.swift"; sourceTree = "<group>"; };
		6E51B0DB21398B64006BDC1F /* MKCoordinateSpan+Bicisendas.swift */ = {isa = PBXFileReference; lastKnownFileType = sourcecode.swift; path = "MKCoordinateSpan+Bicisendas.swift"; sourceTree = "<group>"; };
		6E5F7C95211E11B900E4E7B5 /* Bicisendas.app */ = {isa = PBXFileReference; explicitFileType = wrapper.application; includeInIndex = 0; path = Bicisendas.app; sourceTree = BUILT_PRODUCTS_DIR; };
		6E5F7C98211E11B900E4E7B5 /* AppDelegate.swift */ = {isa = PBXFileReference; lastKnownFileType = sourcecode.swift; path = AppDelegate.swift; sourceTree = "<group>"; };
		6E5F7C9A211E11B900E4E7B5 /* MapViewController.swift */ = {isa = PBXFileReference; lastKnownFileType = sourcecode.swift; path = MapViewController.swift; sourceTree = "<group>"; };
		6E5F7C9D211E11B900E4E7B5 /* Base */ = {isa = PBXFileReference; lastKnownFileType = file.storyboard; name = Base; path = Base.lproj/Main.storyboard; sourceTree = "<group>"; };
		6E5F7C9F211E11BB00E4E7B5 /* Assets.xcassets */ = {isa = PBXFileReference; lastKnownFileType = folder.assetcatalog; path = Assets.xcassets; sourceTree = "<group>"; };
		6E5F7CA2211E11BB00E4E7B5 /* Base */ = {isa = PBXFileReference; lastKnownFileType = file.storyboard; name = Base; path = Base.lproj/LaunchScreen.storyboard; sourceTree = "<group>"; };
		6E5F7CA4211E11BB00E4E7B5 /* Info.plist */ = {isa = PBXFileReference; lastKnownFileType = text.plist.xml; path = Info.plist; sourceTree = "<group>"; };
		6E694B962154408C00EA86F6 /* SuggestionTableViewCell.swift */ = {isa = PBXFileReference; lastKnownFileType = sourcecode.swift; path = SuggestionTableViewCell.swift; sourceTree = "<group>"; };
		6E694B972154408C00EA86F6 /* SuggestionTableViewCell.xib */ = {isa = PBXFileReference; lastKnownFileType = file.xib; path = SuggestionTableViewCell.xib; sourceTree = "<group>"; };
		6E708FF8213DC12200DE052C /* USIGContainer.swift */ = {isa = PBXFileReference; lastKnownFileType = sourcecode.swift; path = USIGContainer.swift; sourceTree = "<group>"; };
		6E708FFA213DC15300DE052C /* USIGObject.swift */ = {isa = PBXFileReference; lastKnownFileType = sourcecode.swift; path = USIGObject.swift; sourceTree = "<group>"; };
		6E79B44B21272CF700CC5B15 /* Base */ = {isa = PBXFileReference; lastKnownFileType = text.plist.strings; name = Base; path = Base.lproj/InfoPlist.strings; sourceTree = "<group>"; };
		6E79B44C21272E4800CC5B15 /* es */ = {isa = PBXFileReference; lastKnownFileType = text.plist.strings; name = es; path = es.lproj/Main.strings; sourceTree = "<group>"; };
		6E79B44D21272E4800CC5B15 /* es */ = {isa = PBXFileReference; lastKnownFileType = text.plist.strings; name = es; path = es.lproj/LaunchScreen.strings; sourceTree = "<group>"; };
		6E79B44E21272E4900CC5B15 /* es */ = {isa = PBXFileReference; lastKnownFileType = text.plist.strings; name = es; path = es.lproj/InfoPlist.strings; sourceTree = "<group>"; };
		6E7F762C215AA12900F4F57F /* PuntoDAO.swift */ = {isa = PBXFileReference; lastKnownFileType = sourcecode.swift; path = PuntoDAO.swift; sourceTree = "<group>"; };
		6E8E15012177659D00E786D8 /* RouteSummaryViewController.swift */ = {isa = PBXFileReference; lastKnownFileType = sourcecode.swift; path = RouteSummaryViewController.swift; sourceTree = "<group>"; };
		6E8E15032177814000E786D8 /* RouteStep.swift */ = {isa = PBXFileReference; lastKnownFileType = sourcecode.swift; path = RouteStep.swift; sourceTree = "<group>"; };
		6E8E1505217794B600E786D8 /* TipoRecorridoPaso.swift */ = {isa = PBXFileReference; lastKnownFileType = sourcecode.swift; path = TipoRecorridoPaso.swift; sourceTree = "<group>"; };
		6E8E15072177D46500E786D8 /* RouteLocation.swift */ = {isa = PBXFileReference; lastKnownFileType = sourcecode.swift; path = RouteLocation.swift; sourceTree = "<group>"; };
		6EAF5A9B215C378B00C9AC34 /* BicisendasTests.xctest */ = {isa = PBXFileReference; explicitFileType = wrapper.cfbundle; includeInIndex = 0; path = BicisendasTests.xctest; sourceTree = BUILT_PRODUCTS_DIR; };
		6EAF5A9D215C378B00C9AC34 /* BicisendasTests.swift */ = {isa = PBXFileReference; lastKnownFileType = sourcecode.swift; path = BicisendasTests.swift; sourceTree = "<group>"; };
		6EAF5A9F215C378B00C9AC34 /* Info.plist */ = {isa = PBXFileReference; lastKnownFileType = text.plist.xml; path = Info.plist; sourceTree = "<group>"; };
		6EB2A51E2170E57A00BF0CD8 /* RouteReceiver.swift */ = {isa = PBXFileReference; lastKnownFileType = sourcecode.swift; path = RouteReceiver.swift; sourceTree = "<group>"; };
		6EB2A520217103DC00BF0CD8 /* Route.swift */ = {isa = PBXFileReference; lastKnownFileType = sourcecode.swift; path = Route.swift; sourceTree = "<group>"; };
		6EB2A52221710E5400BF0CD8 /* RecorridoPasoDAO.swift */ = {isa = PBXFileReference; lastKnownFileType = sourcecode.swift; path = RecorridoPasoDAO.swift; sourceTree = "<group>"; };
		6EB2A5252171206800BF0CD8 /* GMLFeature.swift */ = {isa = PBXFileReference; lastKnownFileType = sourcecode.swift; path = GMLFeature.swift; sourceTree = "<group>"; };
		6EB2A5272171209A00BF0CD8 /* GMLType.swift */ = {isa = PBXFileReference; lastKnownFileType = sourcecode.swift; path = GMLType.swift; sourceTree = "<group>"; };
		6EB2A5292171210000BF0CD8 /* GMLParsingTests.swift */ = {isa = PBXFileReference; lastKnownFileType = sourcecode.swift; path = GMLParsingTests.swift; sourceTree = "<group>"; };
		6EB2A52D2171248F00BF0CD8 /* GMLPoint.swift */ = {isa = PBXFileReference; lastKnownFileType = sourcecode.swift; path = GMLPoint.swift; sourceTree = "<group>"; };
		6EB2A52F2171254600BF0CD8 /* GMLCoordinateString.swift */ = {isa = PBXFileReference; lastKnownFileType = sourcecode.swift; path = GMLCoordinateString.swift; sourceTree = "<group>"; };
		6EB2A531217126CD00BF0CD8 /* GMLMultilineString.swift */ = {isa = PBXFileReference; lastKnownFileType = sourcecode.swift; path = GMLMultilineString.swift; sourceTree = "<group>"; };
		6EB2A5332171274200BF0CD8 /* GMLLineStringMember.swift */ = {isa = PBXFileReference; lastKnownFileType = sourcecode.swift; path = GMLLineStringMember.swift; sourceTree = "<group>"; };
		6EB2A5352171291F00BF0CD8 /* GMLLineString.swift */ = {isa = PBXFileReference; lastKnownFileType = sourcecode.swift; path = GMLLineString.swift; sourceTree = "<group>"; };
		6EC8452D2128CB5E00E34491 /* Base */ = {isa = PBXFileReference; lastKnownFileType = text.plist.strings; name = Base; path = Base.lproj/Localizable.strings; sourceTree = "<group>"; };
		6EC8452F2128CB6F00E34491 /* es */ = {isa = PBXFileReference; lastKnownFileType = text.plist.strings; name = es; path = es.lproj/Localizable.strings; sourceTree = "<group>"; };
		6EF24AC92164103500FD812A /* RecorridoDAO.swift */ = {isa = PBXFileReference; lastKnownFileType = sourcecode.swift; path = RecorridoDAO.swift; sourceTree = "<group>"; };
		6EF24ACB21652AA400FD812A /* USIGCoordinateString.swift */ = {isa = PBXFileReference; lastKnownFileType = sourcecode.swift; path = USIGCoordinateString.swift; sourceTree = "<group>"; };
		6EF57717212C851400A17152 /* GeoJSON.framework */ = {isa = PBXFileReference; explicitFileType = wrapper.framework; path = GeoJSON.framework; sourceTree = BUILT_PRODUCTS_DIR; };
		6EF57720212C8AA200A17152 /* MapViewModel.swift */ = {isa = PBXFileReference; lastKnownFileType = sourcecode.swift; path = MapViewModel.swift; sourceTree = "<group>"; };
		6EF57723212C8DAF00A17152 /* NetworkOperation.swift */ = {isa = PBXFileReference; lastKnownFileType = sourcecode.swift; path = NetworkOperation.swift; sourceTree = "<group>"; };
		6EF57726212C90D200A17152 /* NetworkOperation+Rx.swift */ = {isa = PBXFileReference; lastKnownFileType = sourcecode.swift; path = "NetworkOperation+Rx.swift"; sourceTree = "<group>"; };
		6EF57728212C921F00A17152 /* BikeStationsOperation.swift */ = {isa = PBXFileReference; lastKnownFileType = sourcecode.swift; path = BikeStationsOperation.swift; sourceTree = "<group>"; };
		6EF5772C212C92D300A17152 /* Request+Debugging.swift */ = {isa = PBXFileReference; lastKnownFileType = sourcecode.swift; path = "Request+Debugging.swift"; sourceTree = "<group>"; };
		6EF57733212CB00800A17152 /* BikeStation.swift */ = {isa = PBXFileReference; lastKnownFileType = sourcecode.swift; path = BikeStation.swift; sourceTree = "<group>"; };
		6EF5773B212CD8F000A17152 /* BikeStandMarkerAnnotationView.swift */ = {isa = PBXFileReference; lastKnownFileType = sourcecode.swift; path = BikeStandMarkerAnnotationView.swift; sourceTree = "<group>"; };
		BE39E7D31B08F1D8B6556061 /* Pods-BicisendasTests.release.xcconfig */ = {isa = PBXFileReference; includeInIndex = 1; lastKnownFileType = text.xcconfig; name = "Pods-BicisendasTests.release.xcconfig"; path = "Pods/Target Support Files/Pods-BicisendasTests/Pods-BicisendasTests.release.xcconfig"; sourceTree = "<group>"; };
		C919799863352F86DC5DA96B /* Pods_Bicisendas.framework */ = {isa = PBXFileReference; explicitFileType = wrapper.framework; includeInIndex = 0; path = Pods_Bicisendas.framework; sourceTree = BUILT_PRODUCTS_DIR; };
		D7979A354AB85D4528DB2E46 /* Pods_BicisendasTests.framework */ = {isa = PBXFileReference; explicitFileType = wrapper.framework; includeInIndex = 0; path = Pods_BicisendasTests.framework; sourceTree = BUILT_PRODUCTS_DIR; };
/* End PBXFileReference section */

/* Begin PBXFrameworksBuildPhase section */
		6E51B0CA21396D9C006BDC1F /* Frameworks */ = {
			isa = PBXFrameworksBuildPhase;
			buildActionMask = 2147483647;
			files = (
			);
			runOnlyForDeploymentPostprocessing = 0;
		};
		6E5F7C92211E11B900E4E7B5 /* Frameworks */ = {
			isa = PBXFrameworksBuildPhase;
			buildActionMask = 2147483647;
			files = (
				12DB66AC61603ADB5AC77EF9 /* Pods_Bicisendas.framework in Frameworks */,
			);
			runOnlyForDeploymentPostprocessing = 0;
		};
		6EAF5A98215C378B00C9AC34 /* Frameworks */ = {
			isa = PBXFrameworksBuildPhase;
			buildActionMask = 2147483647;
			files = (
				8E5628DDAD64FE81F1B790F9 /* Pods_BicisendasTests.framework in Frameworks */,
			);
			runOnlyForDeploymentPostprocessing = 0;
		};
/* End PBXFrameworksBuildPhase section */

/* Begin PBXGroup section */
		26702554596B7B1FADC555C9 /* Pods */ = {
			isa = PBXGroup;
			children = (
				613F2C873179532AFB7D892F /* Pods-Bicisendas.debug.xcconfig */,
				22FE738DC1193FD5C2E95070 /* Pods-Bicisendas.release.xcconfig */,
				50AF24838A564C79E196A614 /* Pods-BicisendasTests.debug.xcconfig */,
				BE39E7D31B08F1D8B6556061 /* Pods-BicisendasTests.release.xcconfig */,
			);
			name = Pods;
			sourceTree = "<group>";
		};
		6E0B4DBF213467B70038ED9D /* ViewControllers */ = {
			isa = PBXGroup;
			children = (
				6E5F7C9A211E11B900E4E7B5 /* MapViewController.swift */,
				6E0B4DC0213467CE0038ED9D /* RoutesViewController.swift */,
				6E47A54621519BC50071C381 /* SuggestionsTableViewController.swift */,
				6EB2A51E2170E57A00BF0CD8 /* RouteReceiver.swift */,
				6E8E15012177659D00E786D8 /* RouteSummaryViewController.swift */,
			);
			path = ViewControllers;
			sourceTree = "<group>";
		};
		6E0B4DC2213469320038ED9D /* USIG */ = {
			isa = PBXGroup;
			children = (
				6E5152B82136BF8700803C51 /* DAO */,
				6E0B4DC52134697A0038ED9D /* usig-api.html */,
				6E0B4DC921348B110038ED9D /* USIGWrapper.swift */,
				6E1D6FF4215D99DD00AA0F71 /* Bicisendas-Bridging-Header.h */,
				6E1D6FF7215D9A1200AA0F71 /* USIGCoordinateHelper.h */,
				6E1D6FF8215D9A1200AA0F71 /* USIGCoordinateHelper.m */,
			);
			path = USIG;
			sourceTree = "<group>";
		};
		6E5152B82136BF8700803C51 /* DAO */ = {
			isa = PBXGroup;
			children = (
				6E5152BF2136CB9000803C51 /* USIGType.swift */,
				6E708FF8213DC12200DE052C /* USIGContainer.swift */,
				6E708FFA213DC15300DE052C /* USIGObject.swift */,
				6E5152B92136BF9600803C51 /* CalleDAO.swift */,
				6E5152BB2136C1F100803C51 /* DireccionDAO.swift */,
				6E7F762C215AA12900F4F57F /* PuntoDAO.swift */,
				6E5152BD2136C21B00803C51 /* TipoDireccionDAO.swift */,
				6EF24AC92164103500FD812A /* RecorridoDAO.swift */,
				6EF24ACB21652AA400FD812A /* USIGCoordinateString.swift */,
				6EB2A52221710E5400BF0CD8 /* RecorridoPasoDAO.swift */,
				6E8E1505217794B600E786D8 /* TipoRecorridoPaso.swift */,
			);
			path = DAO;
			sourceTree = "<group>";
		};
		6E51B0CE21396D9C006BDC1F /* BicisendasUITests */ = {
			isa = PBXGroup;
			children = (
				6E51B0D721396DC3006BDC1F /* SnapshotHelper.swift */,
				6E51B0CF21396D9C006BDC1F /* BicisendasUITests.swift */,
				6E51B0D121396D9C006BDC1F /* Info.plist */,
			);
			path = BicisendasUITests;
			sourceTree = "<group>";
		};
		6E5F7C8C211E11B900E4E7B5 = {
			isa = PBXGroup;
			children = (
				6E5F7C97211E11B900E4E7B5 /* Bicisendas */,
				6E51B0CE21396D9C006BDC1F /* BicisendasUITests */,
				6EAF5A9C215C378B00C9AC34 /* BicisendasTests */,
				6E5F7C96211E11B900E4E7B5 /* Products */,
				26702554596B7B1FADC555C9 /* Pods */,
				CB1A78EC0C2FEF3F33002C6A /* Frameworks */,
			);
			sourceTree = "<group>";
		};
		6E5F7C96211E11B900E4E7B5 /* Products */ = {
			isa = PBXGroup;
			children = (
				6E5F7C95211E11B900E4E7B5 /* Bicisendas.app */,
				6E51B0CD21396D9C006BDC1F /* BicisendasUITests.xctest */,
				6EAF5A9B215C378B00C9AC34 /* BicisendasTests.xctest */,
			);
			name = Products;
			sourceTree = "<group>";
		};
		6E5F7C97211E11B900E4E7B5 /* Bicisendas */ = {
			isa = PBXGroup;
			children = (
				6EB2A5242171205200BF0CD8 /* GML */,
				6E0B4DC2213469320038ED9D /* USIG */,
				6EF5772A212C92BF00A17152 /* Extensions */,
				6EF57722212C8D8300A17152 /* Network */,
				6EF57732212CAFFF00A17152 /* Model */,
				6EF5771F212C8A9100A17152 /* ViewModels */,
				6EF5773A212CD8CB00A17152 /* Views */,
				6E0B4DBF213467B70038ED9D /* ViewControllers */,
				6E5F7C98211E11B900E4E7B5 /* AppDelegate.swift */,
				6E5F7C9C211E11B900E4E7B5 /* Main.storyboard */,
				6E0B4DBD2134679D0038ED9D /* Routes.storyboard */,
				6E5F7C9F211E11BB00E4E7B5 /* Assets.xcassets */,
				6E5F7CA1211E11BB00E4E7B5 /* LaunchScreen.storyboard */,
				6EC8452C2128CB5E00E34491 /* Localizable.strings */,
				6E5F7CA4211E11BB00E4E7B5 /* Info.plist */,
				6E79B44A21272CF200CC5B15 /* InfoPlist.strings */,
			);
			path = Bicisendas;
			sourceTree = "<group>";
		};
		6E694B932154404D00EA86F6 /* Cells */ = {
			isa = PBXGroup;
			children = (
				6E694B962154408C00EA86F6 /* SuggestionTableViewCell.swift */,
				6E694B972154408C00EA86F6 /* SuggestionTableViewCell.xib */,
			);
			path = Cells;
			sourceTree = "<group>";
		};
		6EAF5A9C215C378B00C9AC34 /* BicisendasTests */ = {
			isa = PBXGroup;
			children = (
				6EAF5A9D215C378B00C9AC34 /* BicisendasTests.swift */,
				6EB2A5292171210000BF0CD8 /* GMLParsingTests.swift */,
				6EAF5A9F215C378B00C9AC34 /* Info.plist */,
			);
			path = BicisendasTests;
			sourceTree = "<group>";
		};
		6EB2A5242171205200BF0CD8 /* GML */ = {
			isa = PBXGroup;
			children = (
				6EB2A5252171206800BF0CD8 /* GMLFeature.swift */,
				6EB2A5272171209A00BF0CD8 /* GMLType.swift */,
				6EB2A52F2171254600BF0CD8 /* GMLCoordinateString.swift */,
				6EB2A52D2171248F00BF0CD8 /* GMLPoint.swift */,
				6EB2A531217126CD00BF0CD8 /* GMLMultilineString.swift */,
				6EB2A5332171274200BF0CD8 /* GMLLineStringMember.swift */,
				6EB2A5352171291F00BF0CD8 /* GMLLineString.swift */,
			);
			path = GML;
			sourceTree = "<group>";
		};
		6EF5771F212C8A9100A17152 /* ViewModels */ = {
			isa = PBXGroup;
			children = (
				6EF57720212C8AA200A17152 /* MapViewModel.swift */,
				6E47A5242151797C0071C381 /* RoutesViewModel.swift */,
				6E47A5442151873A0071C381 /* CompletionResultViewModel.swift */,
				6E8E15072177D46500E786D8 /* RouteLocation.swift */,
			);
			path = ViewModels;
			sourceTree = "<group>";
		};
		6EF57722212C8D8300A17152 /* Network */ = {
			isa = PBXGroup;
			children = (
				6EF57725212C90C400A17152 /* Rx */,
				6EF57723212C8DAF00A17152 /* NetworkOperation.swift */,
				6EF57728212C921F00A17152 /* BikeStationsOperation.swift */,
			);
			path = Network;
			sourceTree = "<group>";
		};
		6EF57725212C90C400A17152 /* Rx */ = {
			isa = PBXGroup;
			children = (
				6EF57726212C90D200A17152 /* NetworkOperation+Rx.swift */,
			);
			path = Rx;
			sourceTree = "<group>";
		};
		6EF5772A212C92BF00A17152 /* Extensions */ = {
			isa = PBXGroup;
			children = (
				6EF5772B212C92C700A17152 /* Alamofire */,
				6E51B0D921398B14006BDC1F /* CLLocationCoordinate2D+Bicisendas.swift */,
				6E51B0DB21398B64006BDC1F /* MKCoordinateSpan+Bicisendas.swift */,
			);
			path = Extensions;
			sourceTree = "<group>";
		};
		6EF5772B212C92C700A17152 /* Alamofire */ = {
			isa = PBXGroup;
			children = (
				6EF5772C212C92D300A17152 /* Request+Debugging.swift */,
			);
			path = Alamofire;
			sourceTree = "<group>";
		};
		6EF57732212CAFFF00A17152 /* Model */ = {
			isa = PBXGroup;
			children = (
				6EF57733212CB00800A17152 /* BikeStation.swift */,
				6EB2A520217103DC00BF0CD8 /* Route.swift */,
				6E8E15032177814000E786D8 /* RouteStep.swift */,
			);
			path = Model;
			sourceTree = "<group>";
		};
		6EF5773A212CD8CB00A17152 /* Views */ = {
			isa = PBXGroup;
			children = (
				6E694B932154404D00EA86F6 /* Cells */,
				6EF5773B212CD8F000A17152 /* BikeStandMarkerAnnotationView.swift */,
				6E0F52D0212DCDBF000F1D5D /* ToggleBikeStationsButton.swift */,
			);
			path = Views;
			sourceTree = "<group>";
		};
		CB1A78EC0C2FEF3F33002C6A /* Frameworks */ = {
			isa = PBXGroup;
			children = (
				6EF57717212C851400A17152 /* GeoJSON.framework */,
				C919799863352F86DC5DA96B /* Pods_Bicisendas.framework */,
				D7979A354AB85D4528DB2E46 /* Pods_BicisendasTests.framework */,
			);
			name = Frameworks;
			sourceTree = "<group>";
		};
/* End PBXGroup section */

/* Begin PBXNativeTarget section */
		6E51B0CC21396D9C006BDC1F /* BicisendasUITests */ = {
			isa = PBXNativeTarget;
			buildConfigurationList = 6E51B0D621396D9C006BDC1F /* Build configuration list for PBXNativeTarget "BicisendasUITests" */;
			buildPhases = (
				6E51B0C921396D9C006BDC1F /* Sources */,
				6E51B0CA21396D9C006BDC1F /* Frameworks */,
				6E51B0CB21396D9C006BDC1F /* Resources */,
			);
			buildRules = (
			);
			dependencies = (
				6E51B0D321396D9C006BDC1F /* PBXTargetDependency */,
			);
			name = BicisendasUITests;
			productName = BicisendasUITests;
			productReference = 6E51B0CD21396D9C006BDC1F /* BicisendasUITests.xctest */;
			productType = "com.apple.product-type.bundle.ui-testing";
		};
		6E5F7C94211E11B900E4E7B5 /* Bicisendas */ = {
			isa = PBXNativeTarget;
			buildConfigurationList = 6E5F7CA7211E11BB00E4E7B5 /* Build configuration list for PBXNativeTarget "Bicisendas" */;
			buildPhases = (
				AEDD623B0B3936AC2268677D /* [CP] Check Pods Manifest.lock */,
				6E5F7C91211E11B900E4E7B5 /* Sources */,
				6E5F7C92211E11B900E4E7B5 /* Frameworks */,
				6E5F7C93211E11B900E4E7B5 /* Resources */,
				6E017C532124A48E00227488 /* ShellScript */,
				6E79B4402127102800CC5B15 /* ShellScript */,
				92260787830B07DD31EB7B10 /* [CP] Embed Pods Frameworks */,
				6EF57739212CCDC800A17152 /* Embed Frameworks */,
			);
			buildRules = (
			);
			dependencies = (
			);
			name = Bicisendas;
			productName = Bicisendas;
			productReference = 6E5F7C95211E11B900E4E7B5 /* Bicisendas.app */;
			productType = "com.apple.product-type.application";
		};
		6EAF5A9A215C378B00C9AC34 /* BicisendasTests */ = {
			isa = PBXNativeTarget;
			buildConfigurationList = 6EAF5AA2215C378B00C9AC34 /* Build configuration list for PBXNativeTarget "BicisendasTests" */;
			buildPhases = (
				3A42F16BB3CE29D67051CBA7 /* [CP] Check Pods Manifest.lock */,
				6EAF5A97215C378B00C9AC34 /* Sources */,
				6EAF5A98215C378B00C9AC34 /* Frameworks */,
				6EAF5A99215C378B00C9AC34 /* Resources */,
				D9DD33A4C31DF3649E4ACD4D /* [CP] Embed Pods Frameworks */,
			);
			buildRules = (
			);
			dependencies = (
				6EAF5AA1215C378B00C9AC34 /* PBXTargetDependency */,
			);
			name = BicisendasTests;
			productName = BicisendasTests;
			productReference = 6EAF5A9B215C378B00C9AC34 /* BicisendasTests.xctest */;
			productType = "com.apple.product-type.bundle.unit-test";
		};
/* End PBXNativeTarget section */

/* Begin PBXProject section */
		6E5F7C8D211E11B900E4E7B5 /* Project object */ = {
			isa = PBXProject;
			attributes = {
				LastSwiftUpdateCheck = 1000;
				LastUpgradeCheck = 0940;
				ORGANIZATIONNAME = "Pablo Bendersky";
				TargetAttributes = {
					6E51B0CC21396D9C006BDC1F = {
						CreatedOnToolsVersion = 10.0;
						TestTargetID = 6E5F7C94211E11B900E4E7B5;
					};
					6E5F7C94211E11B900E4E7B5 = {
						CreatedOnToolsVersion = 9.4.1;
						LastSwiftMigration = 1000;
					};
					6EAF5A9A215C378B00C9AC34 = {
						CreatedOnToolsVersion = 10.0;
						TestTargetID = 6E5F7C94211E11B900E4E7B5;
					};
				};
			};
			buildConfigurationList = 6E5F7C90211E11B900E4E7B5 /* Build configuration list for PBXProject "Bicisendas" */;
			compatibilityVersion = "Xcode 9.3";
			developmentRegion = en;
			hasScannedForEncodings = 0;
			knownRegions = (
				en,
				Base,
				es,
			);
			mainGroup = 6E5F7C8C211E11B900E4E7B5;
			productRefGroup = 6E5F7C96211E11B900E4E7B5 /* Products */;
			projectDirPath = "";
			projectRoot = "";
			targets = (
				6E5F7C94211E11B900E4E7B5 /* Bicisendas */,
				6E51B0CC21396D9C006BDC1F /* BicisendasUITests */,
				6EAF5A9A215C378B00C9AC34 /* BicisendasTests */,
			);
		};
/* End PBXProject section */

/* Begin PBXResourcesBuildPhase section */
		6E51B0CB21396D9C006BDC1F /* Resources */ = {
			isa = PBXResourcesBuildPhase;
			buildActionMask = 2147483647;
			files = (
			);
			runOnlyForDeploymentPostprocessing = 0;
		};
		6E5F7C93211E11B900E4E7B5 /* Resources */ = {
			isa = PBXResourcesBuildPhase;
			buildActionMask = 2147483647;
			files = (
				6EC8452E2128CB5E00E34491 /* Localizable.strings in Resources */,
				6E5F7CA3211E11BB00E4E7B5 /* LaunchScreen.storyboard in Resources */,
				6E0B4DBE2134679D0038ED9D /* Routes.storyboard in Resources */,
				6E5F7CA0211E11BB00E4E7B5 /* Assets.xcassets in Resources */,
				6E5F7C9E211E11B900E4E7B5 /* Main.storyboard in Resources */,
				6E0B4DC62134697A0038ED9D /* usig-api.html in Resources */,
				6EF57735212CCB9700A17152 /* InfoPlist.strings in Resources */,
				6E694B992154408C00EA86F6 /* SuggestionTableViewCell.xib in Resources */,
			);
			runOnlyForDeploymentPostprocessing = 0;
		};
		6EAF5A99215C378B00C9AC34 /* Resources */ = {
			isa = PBXResourcesBuildPhase;
			buildActionMask = 2147483647;
			files = (
			);
			runOnlyForDeploymentPostprocessing = 0;
		};
/* End PBXResourcesBuildPhase section */

/* Begin PBXShellScriptBuildPhase section */
		3A42F16BB3CE29D67051CBA7 /* [CP] Check Pods Manifest.lock */ = {
			isa = PBXShellScriptBuildPhase;
			buildActionMask = 2147483647;
			files = (
			);
			inputPaths = (
				"${PODS_PODFILE_DIR_PATH}/Podfile.lock",
				"${PODS_ROOT}/Manifest.lock",
			);
			name = "[CP] Check Pods Manifest.lock";
			outputPaths = (
				"$(DERIVED_FILE_DIR)/Pods-BicisendasTests-checkManifestLockResult.txt",
			);
			runOnlyForDeploymentPostprocessing = 0;
			shellPath = /bin/sh;
			shellScript = "diff \"${PODS_PODFILE_DIR_PATH}/Podfile.lock\" \"${PODS_ROOT}/Manifest.lock\" > /dev/null\nif [ $? != 0 ] ; then\n    # print error to STDERR\n    echo \"error: The sandbox is not in sync with the Podfile.lock. Run 'pod install' or update your CocoaPods installation.\" >&2\n    exit 1\nfi\n# This output is used by Xcode 'outputs' to avoid re-running this script phase.\necho \"SUCCESS\" > \"${SCRIPT_OUTPUT_FILE_0}\"\n";
			showEnvVarsInLog = 0;
		};
		6E017C532124A48E00227488 /* ShellScript */ = {
			isa = PBXShellScriptBuildPhase;
			buildActionMask = 2147483647;
			files = (
			);
			inputPaths = (
			);
			outputPaths = (
			);
			runOnlyForDeploymentPostprocessing = 0;
			shellPath = /bin/sh;
			shellScript = "${SRCROOT}/scripts/update_build_number.sh\n";
		};
		6E79B4402127102800CC5B15 /* ShellScript */ = {
			isa = PBXShellScriptBuildPhase;
			buildActionMask = 2147483647;
			files = (
			);
			inputPaths = (
			);
			outputPaths = (
			);
			runOnlyForDeploymentPostprocessing = 0;
			shellPath = /bin/sh;
			shellScript = "\"${PODS_ROOT}/Fabric/run\" 24647e4ab26ec7f84723318ce0a80d69f90daecf 9d069b76830834b8552a6a4ead3d83ad9ac00dae882cb1ba436b369875979547\n";
		};
		92260787830B07DD31EB7B10 /* [CP] Embed Pods Frameworks */ = {
			isa = PBXShellScriptBuildPhase;
			buildActionMask = 2147483647;
			files = (
			);
			inputPaths = (
				"${SRCROOT}/Pods/Target Support Files/Pods-Bicisendas/Pods-Bicisendas-frameworks.sh",
				"${BUILT_PRODUCTS_DIR}/Alamofire/Alamofire.framework",
				"${BUILT_PRODUCTS_DIR}/CodableAlamofire/CodableAlamofire.framework",
				"${BUILT_PRODUCTS_DIR}/RxCocoa/RxCocoa.framework",
				"${BUILT_PRODUCTS_DIR}/RxSwift/RxSwift.framework",
				"${BUILT_PRODUCTS_DIR}/RxSwiftUtilities/RxSwiftUtilities.framework",
				"${BUILT_PRODUCTS_DIR}/SimulatorStatusMagic/SimulatorStatusMagic.framework",
				"${BUILT_PRODUCTS_DIR}/SwiftProjection/SwiftProjection.framework",
				"${BUILT_PRODUCTS_DIR}/Threadly/Threadly.framework",
				"${BUILT_PRODUCTS_DIR}/XMLParsing/XMLParsing.framework",
			);
			name = "[CP] Embed Pods Frameworks";
			outputPaths = (
				"${TARGET_BUILD_DIR}/${FRAMEWORKS_FOLDER_PATH}/Alamofire.framework",
				"${TARGET_BUILD_DIR}/${FRAMEWORKS_FOLDER_PATH}/CodableAlamofire.framework",
				"${TARGET_BUILD_DIR}/${FRAMEWORKS_FOLDER_PATH}/RxCocoa.framework",
				"${TARGET_BUILD_DIR}/${FRAMEWORKS_FOLDER_PATH}/RxSwift.framework",
				"${TARGET_BUILD_DIR}/${FRAMEWORKS_FOLDER_PATH}/RxSwiftUtilities.framework",
				"${TARGET_BUILD_DIR}/${FRAMEWORKS_FOLDER_PATH}/SimulatorStatusMagic.framework",
				"${TARGET_BUILD_DIR}/${FRAMEWORKS_FOLDER_PATH}/SwiftProjection.framework",
				"${TARGET_BUILD_DIR}/${FRAMEWORKS_FOLDER_PATH}/Threadly.framework",
				"${TARGET_BUILD_DIR}/${FRAMEWORKS_FOLDER_PATH}/XMLParsing.framework",
			);
			runOnlyForDeploymentPostprocessing = 0;
			shellPath = /bin/sh;
			shellScript = "\"${SRCROOT}/Pods/Target Support Files/Pods-Bicisendas/Pods-Bicisendas-frameworks.sh\"\n";
			showEnvVarsInLog = 0;
		};
		AEDD623B0B3936AC2268677D /* [CP] Check Pods Manifest.lock */ = {
			isa = PBXShellScriptBuildPhase;
			buildActionMask = 2147483647;
			files = (
			);
			inputPaths = (
				"${PODS_PODFILE_DIR_PATH}/Podfile.lock",
				"${PODS_ROOT}/Manifest.lock",
			);
			name = "[CP] Check Pods Manifest.lock";
			outputPaths = (
				"$(DERIVED_FILE_DIR)/Pods-Bicisendas-checkManifestLockResult.txt",
			);
			runOnlyForDeploymentPostprocessing = 0;
			shellPath = /bin/sh;
			shellScript = "diff \"${PODS_PODFILE_DIR_PATH}/Podfile.lock\" \"${PODS_ROOT}/Manifest.lock\" > /dev/null\nif [ $? != 0 ] ; then\n    # print error to STDERR\n    echo \"error: The sandbox is not in sync with the Podfile.lock. Run 'pod install' or update your CocoaPods installation.\" >&2\n    exit 1\nfi\n# This output is used by Xcode 'outputs' to avoid re-running this script phase.\necho \"SUCCESS\" > \"${SCRIPT_OUTPUT_FILE_0}\"\n";
			showEnvVarsInLog = 0;
		};
		D9DD33A4C31DF3649E4ACD4D /* [CP] Embed Pods Frameworks */ = {
			isa = PBXShellScriptBuildPhase;
			buildActionMask = 2147483647;
			files = (
			);
			inputPaths = (
				"${SRCROOT}/Pods/Target Support Files/Pods-BicisendasTests/Pods-BicisendasTests-frameworks.sh",
				"${BUILT_PRODUCTS_DIR}/XMLParsing/XMLParsing.framework",
			);
			name = "[CP] Embed Pods Frameworks";
			outputPaths = (
				"${TARGET_BUILD_DIR}/${FRAMEWORKS_FOLDER_PATH}/XMLParsing.framework",
			);
			runOnlyForDeploymentPostprocessing = 0;
			shellPath = /bin/sh;
			shellScript = "\"${SRCROOT}/Pods/Target Support Files/Pods-BicisendasTests/Pods-BicisendasTests-frameworks.sh\"\n";
			showEnvVarsInLog = 0;
		};
/* End PBXShellScriptBuildPhase section */

/* Begin PBXSourcesBuildPhase section */
		6E51B0C921396D9C006BDC1F /* Sources */ = {
			isa = PBXSourcesBuildPhase;
			buildActionMask = 2147483647;
			files = (
				6E51B0D021396D9C006BDC1F /* BicisendasUITests.swift in Sources */,
				6E51B0D821396DC3006BDC1F /* SnapshotHelper.swift in Sources */,
			);
			runOnlyForDeploymentPostprocessing = 0;
		};
		6E5F7C91211E11B900E4E7B5 /* Sources */ = {
			isa = PBXSourcesBuildPhase;
			buildActionMask = 2147483647;
			files = (
				6EB2A5282171209A00BF0CD8 /* GMLType.swift in Sources */,
				6EB2A5362171291F00BF0CD8 /* GMLLineString.swift in Sources */,
				6EF24ACC21652AA400FD812A /* USIGCoordinateString.swift in Sources */,
				6E0F52D1212DCDBF000F1D5D /* ToggleBikeStationsButton.swift in Sources */,
				6E1D6FF9215D9A1200AA0F71 /* USIGCoordinateHelper.m in Sources */,
				6E8E15042177814000E786D8 /* RouteStep.swift in Sources */,
				6E8E15082177D46500E786D8 /* RouteLocation.swift in Sources */,
				6EB2A521217103DC00BF0CD8 /* Route.swift in Sources */,
				6E0B4DC1213467CE0038ED9D /* RoutesViewController.swift in Sources */,
				6E708FFB213DC15300DE052C /* USIGObject.swift in Sources */,
				6EF5773C212CD8F000A17152 /* BikeStandMarkerAnnotationView.swift in Sources */,
				6EB2A51F2170E57A00BF0CD8 /* RouteReceiver.swift in Sources */,
				6E5152C02136CB9000803C51 /* USIGType.swift in Sources */,
				6EF57724212C8DAF00A17152 /* NetworkOperation.swift in Sources */,
				6E708FF9213DC12200DE052C /* USIGContainer.swift in Sources */,
				6E8E15022177659D00E786D8 /* RouteSummaryViewController.swift in Sources */,
				6E5F7C9B211E11B900E4E7B5 /* MapViewController.swift in Sources */,
				6EB2A532217126CD00BF0CD8 /* GMLMultilineString.swift in Sources */,
				6E5F7C99211E11B900E4E7B5 /* AppDelegate.swift in Sources */,
				6E47A5452151873A0071C381 /* CompletionResultViewModel.swift in Sources */,
				6E7F762D215AA12900F4F57F /* PuntoDAO.swift in Sources */,
				6E47A54721519BC50071C381 /* SuggestionsTableViewController.swift in Sources */,
				6E694B982154408C00EA86F6 /* SuggestionTableViewCell.swift in Sources */,
				6EF24ACA2164103500FD812A /* RecorridoDAO.swift in Sources */,
				6EB2A5342171274200BF0CD8 /* GMLLineStringMember.swift in Sources */,
				6E5152BE2136C21B00803C51 /* TipoDireccionDAO.swift in Sources */,
				6EB2A52321710E5400BF0CD8 /* RecorridoPasoDAO.swift in Sources */,
				6EB2A52E2171248F00BF0CD8 /* GMLPoint.swift in Sources */,
				6EF5772D212C92D300A17152 /* Request+Debugging.swift in Sources */,
				6E5152BA2136BF9600803C51 /* CalleDAO.swift in Sources */,
				6E8E1506217794B600E786D8 /* TipoRecorridoPaso.swift in Sources */,
				6EF57729212C921F00A17152 /* BikeStationsOperation.swift in Sources */,
				6EB2A5262171206800BF0CD8 /* GMLFeature.swift in Sources */,
				6EF57734212CB00800A17152 /* BikeStation.swift in Sources */,
				6E0B4DCA21348B110038ED9D /* USIGWrapper.swift in Sources */,
				6E5152BC2136C1F100803C51 /* DireccionDAO.swift in Sources */,
				6EF57721212C8AA200A17152 /* MapViewModel.swift in Sources */,
				6EB2A5302171254600BF0CD8 /* GMLCoordinateString.swift in Sources */,
				6EF57727212C90D200A17152 /* NetworkOperation+Rx.swift in Sources */,
				6E51B0DC21398B64006BDC1F /* MKCoordinateSpan+Bicisendas.swift in Sources */,
				6E51B0DA21398B14006BDC1F /* CLLocationCoordinate2D+Bicisendas.swift in Sources */,
				6E47A5252151797C0071C381 /* RoutesViewModel.swift in Sources */,
			);
			runOnlyForDeploymentPostprocessing = 0;
		};
		6EAF5A97215C378B00C9AC34 /* Sources */ = {
			isa = PBXSourcesBuildPhase;
			buildActionMask = 2147483647;
			files = (
				6EAF5A9E215C378B00C9AC34 /* BicisendasTests.swift in Sources */,
				6EB2A52A2171210000BF0CD8 /* GMLParsingTests.swift in Sources */,
			);
			runOnlyForDeploymentPostprocessing = 0;
		};
/* End PBXSourcesBuildPhase section */

/* Begin PBXTargetDependency section */
		6E51B0D321396D9C006BDC1F /* PBXTargetDependency */ = {
			isa = PBXTargetDependency;
			target = 6E5F7C94211E11B900E4E7B5 /* Bicisendas */;
			targetProxy = 6E51B0D221396D9C006BDC1F /* PBXContainerItemProxy */;
		};
		6EAF5AA1215C378B00C9AC34 /* PBXTargetDependency */ = {
			isa = PBXTargetDependency;
			target = 6E5F7C94211E11B900E4E7B5 /* Bicisendas */;
			targetProxy = 6EAF5AA0215C378B00C9AC34 /* PBXContainerItemProxy */;
		};
/* End PBXTargetDependency section */

/* Begin PBXVariantGroup section */
		6E5F7C9C211E11B900E4E7B5 /* Main.storyboard */ = {
			isa = PBXVariantGroup;
			children = (
				6E5F7C9D211E11B900E4E7B5 /* Base */,
				6E79B44C21272E4800CC5B15 /* es */,
			);
			name = Main.storyboard;
			sourceTree = "<group>";
		};
		6E5F7CA1211E11BB00E4E7B5 /* LaunchScreen.storyboard */ = {
			isa = PBXVariantGroup;
			children = (
				6E5F7CA2211E11BB00E4E7B5 /* Base */,
				6E79B44D21272E4800CC5B15 /* es */,
			);
			name = LaunchScreen.storyboard;
			sourceTree = "<group>";
		};
		6E79B44A21272CF200CC5B15 /* InfoPlist.strings */ = {
			isa = PBXVariantGroup;
			children = (
				6E79B44B21272CF700CC5B15 /* Base */,
				6E79B44E21272E4900CC5B15 /* es */,
			);
			name = InfoPlist.strings;
			sourceTree = "<group>";
		};
		6EC8452C2128CB5E00E34491 /* Localizable.strings */ = {
			isa = PBXVariantGroup;
			children = (
				6EC8452D2128CB5E00E34491 /* Base */,
				6EC8452F2128CB6F00E34491 /* es */,
			);
			name = Localizable.strings;
			sourceTree = "<group>";
		};
/* End PBXVariantGroup section */

/* Begin XCBuildConfiguration section */
		6E51B0D421396D9C006BDC1F /* Debug */ = {
			isa = XCBuildConfiguration;
			buildSettings = {
				CODE_SIGN_STYLE = Automatic;
				INFOPLIST_FILE = BicisendasUITests/Info.plist;
				IPHONEOS_DEPLOYMENT_TARGET = 12.0;
				LD_RUNPATH_SEARCH_PATHS = (
					"$(inherited)",
					"@executable_path/Frameworks",
					"@loader_path/Frameworks",
				);
				MTL_ENABLE_DEBUG_INFO = INCLUDE_SOURCE;
				MTL_FAST_MATH = YES;
				PRODUCT_BUNDLE_IDENTIFIER = com.quadiontech.BicisendasUITests;
				PRODUCT_NAME = "$(TARGET_NAME)";
				PROVISIONING_PROFILE = "fdb2782f-7813-4d65-8b4e-863adf35769b";
				SWIFT_VERSION = 4.2;
				TARGETED_DEVICE_FAMILY = "1,2";
				TEST_TARGET_NAME = Bicisendas;
			};
			name = Debug;
		};
		6E51B0D521396D9C006BDC1F /* Release */ = {
			isa = XCBuildConfiguration;
			buildSettings = {
				CODE_SIGN_STYLE = Automatic;
				INFOPLIST_FILE = BicisendasUITests/Info.plist;
				IPHONEOS_DEPLOYMENT_TARGET = 12.0;
				LD_RUNPATH_SEARCH_PATHS = (
					"$(inherited)",
					"@executable_path/Frameworks",
					"@loader_path/Frameworks",
				);
				MTL_FAST_MATH = YES;
				PRODUCT_BUNDLE_IDENTIFIER = com.quadiontech.BicisendasUITests;
				PRODUCT_NAME = "$(TARGET_NAME)";
				PROVISIONING_PROFILE = "fdb2782f-7813-4d65-8b4e-863adf35769b";
				SWIFT_VERSION = 4.2;
				TARGETED_DEVICE_FAMILY = "1,2";
				TEST_TARGET_NAME = Bicisendas;
			};
			name = Release;
		};
		6E5F7CA5211E11BB00E4E7B5 /* Debug */ = {
			isa = XCBuildConfiguration;
			buildSettings = {
				ALWAYS_SEARCH_USER_PATHS = NO;
				CLANG_ANALYZER_LOCALIZABILITY_NONLOCALIZED = YES;
				CLANG_ANALYZER_NONNULL = YES;
				CLANG_ANALYZER_NUMBER_OBJECT_CONVERSION = YES_AGGRESSIVE;
				CLANG_CXX_LANGUAGE_STANDARD = "gnu++14";
				CLANG_CXX_LIBRARY = "libc++";
				CLANG_ENABLE_MODULES = YES;
				CLANG_ENABLE_OBJC_ARC = YES;
				CLANG_ENABLE_OBJC_WEAK = YES;
				CLANG_WARN_BLOCK_CAPTURE_AUTORELEASING = YES;
				CLANG_WARN_BOOL_CONVERSION = YES;
				CLANG_WARN_COMMA = YES;
				CLANG_WARN_CONSTANT_CONVERSION = YES;
				CLANG_WARN_DEPRECATED_OBJC_IMPLEMENTATIONS = YES;
				CLANG_WARN_DIRECT_OBJC_ISA_USAGE = YES_ERROR;
				CLANG_WARN_DOCUMENTATION_COMMENTS = YES;
				CLANG_WARN_EMPTY_BODY = YES;
				CLANG_WARN_ENUM_CONVERSION = YES;
				CLANG_WARN_INFINITE_RECURSION = YES;
				CLANG_WARN_INT_CONVERSION = YES;
				CLANG_WARN_NON_LITERAL_NULL_CONVERSION = YES;
				CLANG_WARN_OBJC_IMPLICIT_RETAIN_SELF = YES;
				CLANG_WARN_OBJC_LITERAL_CONVERSION = YES;
				CLANG_WARN_OBJC_ROOT_CLASS = YES_ERROR;
				CLANG_WARN_RANGE_LOOP_ANALYSIS = YES;
				CLANG_WARN_STRICT_PROTOTYPES = YES;
				CLANG_WARN_SUSPICIOUS_MOVE = YES;
				CLANG_WARN_UNGUARDED_AVAILABILITY = YES_AGGRESSIVE;
				CLANG_WARN_UNREACHABLE_CODE = YES;
				CLANG_WARN__DUPLICATE_METHOD_MATCH = YES;
				CODE_SIGN_IDENTITY = "iPhone Developer";
				COPY_PHASE_STRIP = NO;
				DEBUG_INFORMATION_FORMAT = dwarf;
				ENABLE_STRICT_OBJC_MSGSEND = YES;
				ENABLE_TESTABILITY = YES;
				GCC_C_LANGUAGE_STANDARD = gnu11;
				GCC_DYNAMIC_NO_PIC = NO;
				GCC_NO_COMMON_BLOCKS = YES;
				GCC_OPTIMIZATION_LEVEL = 0;
				GCC_PREPROCESSOR_DEFINITIONS = (
					"DEBUG=1",
					"$(inherited)",
				);
				GCC_WARN_64_TO_32_BIT_CONVERSION = YES;
				GCC_WARN_ABOUT_RETURN_TYPE = YES_ERROR;
				GCC_WARN_UNDECLARED_SELECTOR = YES;
				GCC_WARN_UNINITIALIZED_AUTOS = YES_AGGRESSIVE;
				GCC_WARN_UNUSED_FUNCTION = YES;
				GCC_WARN_UNUSED_VARIABLE = YES;
				IPHONEOS_DEPLOYMENT_TARGET = 11.4;
				MTL_ENABLE_DEBUG_INFO = YES;
				ONLY_ACTIVE_ARCH = YES;
				SDKROOT = iphoneos;
				SWIFT_ACTIVE_COMPILATION_CONDITIONS = DEBUG;
				SWIFT_OPTIMIZATION_LEVEL = "-Onone";
			};
			name = Debug;
		};
		6E5F7CA6211E11BB00E4E7B5 /* Release */ = {
			isa = XCBuildConfiguration;
			buildSettings = {
				ALWAYS_SEARCH_USER_PATHS = NO;
				CLANG_ANALYZER_LOCALIZABILITY_NONLOCALIZED = YES;
				CLANG_ANALYZER_NONNULL = YES;
				CLANG_ANALYZER_NUMBER_OBJECT_CONVERSION = YES_AGGRESSIVE;
				CLANG_CXX_LANGUAGE_STANDARD = "gnu++14";
				CLANG_CXX_LIBRARY = "libc++";
				CLANG_ENABLE_MODULES = YES;
				CLANG_ENABLE_OBJC_ARC = YES;
				CLANG_ENABLE_OBJC_WEAK = YES;
				CLANG_WARN_BLOCK_CAPTURE_AUTORELEASING = YES;
				CLANG_WARN_BOOL_CONVERSION = YES;
				CLANG_WARN_COMMA = YES;
				CLANG_WARN_CONSTANT_CONVERSION = YES;
				CLANG_WARN_DEPRECATED_OBJC_IMPLEMENTATIONS = YES;
				CLANG_WARN_DIRECT_OBJC_ISA_USAGE = YES_ERROR;
				CLANG_WARN_DOCUMENTATION_COMMENTS = YES;
				CLANG_WARN_EMPTY_BODY = YES;
				CLANG_WARN_ENUM_CONVERSION = YES;
				CLANG_WARN_INFINITE_RECURSION = YES;
				CLANG_WARN_INT_CONVERSION = YES;
				CLANG_WARN_NON_LITERAL_NULL_CONVERSION = YES;
				CLANG_WARN_OBJC_IMPLICIT_RETAIN_SELF = YES;
				CLANG_WARN_OBJC_LITERAL_CONVERSION = YES;
				CLANG_WARN_OBJC_ROOT_CLASS = YES_ERROR;
				CLANG_WARN_RANGE_LOOP_ANALYSIS = YES;
				CLANG_WARN_STRICT_PROTOTYPES = YES;
				CLANG_WARN_SUSPICIOUS_MOVE = YES;
				CLANG_WARN_UNGUARDED_AVAILABILITY = YES_AGGRESSIVE;
				CLANG_WARN_UNREACHABLE_CODE = YES;
				CLANG_WARN__DUPLICATE_METHOD_MATCH = YES;
				CODE_SIGN_IDENTITY = "iPhone Developer";
				COPY_PHASE_STRIP = NO;
				DEBUG_INFORMATION_FORMAT = "dwarf-with-dsym";
				ENABLE_NS_ASSERTIONS = NO;
				ENABLE_STRICT_OBJC_MSGSEND = YES;
				GCC_C_LANGUAGE_STANDARD = gnu11;
				GCC_NO_COMMON_BLOCKS = YES;
				GCC_WARN_64_TO_32_BIT_CONVERSION = YES;
				GCC_WARN_ABOUT_RETURN_TYPE = YES_ERROR;
				GCC_WARN_UNDECLARED_SELECTOR = YES;
				GCC_WARN_UNINITIALIZED_AUTOS = YES_AGGRESSIVE;
				GCC_WARN_UNUSED_FUNCTION = YES;
				GCC_WARN_UNUSED_VARIABLE = YES;
				IPHONEOS_DEPLOYMENT_TARGET = 11.4;
				MTL_ENABLE_DEBUG_INFO = NO;
				SDKROOT = iphoneos;
				SWIFT_COMPILATION_MODE = wholemodule;
				SWIFT_OPTIMIZATION_LEVEL = "-O";
				VALIDATE_PRODUCT = YES;
			};
			name = Release;
		};
		6E5F7CA8211E11BB00E4E7B5 /* Debug */ = {
			isa = XCBuildConfiguration;
			baseConfigurationReference = 613F2C873179532AFB7D892F /* Pods-Bicisendas.debug.xcconfig */;
			buildSettings = {
				ASSETCATALOG_COMPILER_APPICON_NAME = AppIcon;
				CLANG_ENABLE_MODULES = YES;
				CODE_SIGN_IDENTITY = "iPhone Developer";
				CODE_SIGN_STYLE = Manual;
				DEVELOPMENT_TEAM = XF2KB83BBC;
				INFOPLIST_FILE = Bicisendas/Info.plist;
				LD_RUNPATH_SEARCH_PATHS = (
					"$(inherited)",
					"@executable_path/Frameworks",
				);
				PRODUCT_BUNDLE_IDENTIFIER = com.quadiontech.Bicisendas;
				PRODUCT_NAME = "$(TARGET_NAME)";
				PROVISIONING_PROFILE = "fc81501d-212f-43a1-9b5b-dd6b848968c4";
				PROVISIONING_PROFILE_SPECIFIER = "match Development com.quadiontech.Bicisendas";
				SWIFT_OBJC_BRIDGING_HEADER = "Bicisendas/USIG/Bicisendas-Bridging-Header.h";
				SWIFT_OPTIMIZATION_LEVEL = "-Onone";
				SWIFT_VERSION = 4.0;
				TARGETED_DEVICE_FAMILY = 1;
			};
			name = Debug;
		};
		6E5F7CA9211E11BB00E4E7B5 /* Release */ = {
			isa = XCBuildConfiguration;
			baseConfigurationReference = 22FE738DC1193FD5C2E95070 /* Pods-Bicisendas.release.xcconfig */;
			buildSettings = {
				ASSETCATALOG_COMPILER_APPICON_NAME = AppIcon;
				CLANG_ENABLE_MODULES = YES;
				CODE_SIGN_IDENTITY = "iPhone Distribution";
				CODE_SIGN_STYLE = Manual;
				DEVELOPMENT_TEAM = XF2KB83BBC;
				INFOPLIST_FILE = Bicisendas/Info.plist;
				LD_RUNPATH_SEARCH_PATHS = (
					"$(inherited)",
					"@executable_path/Frameworks",
				);
				PRODUCT_BUNDLE_IDENTIFIER = com.quadiontech.Bicisendas;
				PRODUCT_NAME = "$(TARGET_NAME)";
				PROVISIONING_PROFILE = "fdb2782f-7813-4d65-8b4e-863adf35769b";
				PROVISIONING_PROFILE_SPECIFIER = "match AppStore com.quadiontech.Bicisendas";
				SWIFT_OBJC_BRIDGING_HEADER = "Bicisendas/USIG/Bicisendas-Bridging-Header.h";
				SWIFT_VERSION = 4.0;
				TARGETED_DEVICE_FAMILY = 1;
			};
			name = Release;
		};
		6EAF5AA3215C378B00C9AC34 /* Debug */ = {
			isa = XCBuildConfiguration;
			baseConfigurationReference = 50AF24838A564C79E196A614 /* Pods-BicisendasTests.debug.xcconfig */;
			buildSettings = {
				BUNDLE_LOADER = "$(TEST_HOST)";
				CODE_SIGN_STYLE = Automatic;
				INFOPLIST_FILE = BicisendasTests/Info.plist;
				IPHONEOS_DEPLOYMENT_TARGET = 12.0;
				LD_RUNPATH_SEARCH_PATHS = (
					"$(inherited)",
					"@executable_path/Frameworks",
					"@loader_path/Frameworks",
				);
				MTL_ENABLE_DEBUG_INFO = INCLUDE_SOURCE;
				MTL_FAST_MATH = YES;
				PRODUCT_BUNDLE_IDENTIFIER = com.quadiontech.BicisendasTests;
				PRODUCT_NAME = "$(TARGET_NAME)";
				SWIFT_VERSION = 4.0;
				TARGETED_DEVICE_FAMILY = "1,2";
				TEST_HOST = "$(BUILT_PRODUCTS_DIR)/Bicisendas.app/Bicisendas";
			};
			name = Debug;
		};
		6EAF5AA4215C378B00C9AC34 /* Release */ = {
			isa = XCBuildConfiguration;
			baseConfigurationReference = BE39E7D31B08F1D8B6556061 /* Pods-BicisendasTests.release.xcconfig */;
			buildSettings = {
				BUNDLE_LOADER = "$(TEST_HOST)";
				CODE_SIGN_STYLE = Automatic;
				INFOPLIST_FILE = BicisendasTests/Info.plist;
				IPHONEOS_DEPLOYMENT_TARGET = 12.0;
				LD_RUNPATH_SEARCH_PATHS = (
					"$(inherited)",
					"@executable_path/Frameworks",
					"@loader_path/Frameworks",
				);
				MTL_FAST_MATH = YES;
				PRODUCT_BUNDLE_IDENTIFIER = com.quadiontech.BicisendasTests;
				PRODUCT_NAME = "$(TARGET_NAME)";
				SWIFT_VERSION = 4.0;
				TARGETED_DEVICE_FAMILY = "1,2";
				TEST_HOST = "$(BUILT_PRODUCTS_DIR)/Bicisendas.app/Bicisendas";
			};
			name = Release;
		};
/* End XCBuildConfiguration section */

/* Begin XCConfigurationList section */
		6E51B0D621396D9C006BDC1F /* Build configuration list for PBXNativeTarget "BicisendasUITests" */ = {
			isa = XCConfigurationList;
			buildConfigurations = (
				6E51B0D421396D9C006BDC1F /* Debug */,
				6E51B0D521396D9C006BDC1F /* Release */,
			);
			defaultConfigurationIsVisible = 0;
			defaultConfigurationName = Release;
		};
		6E5F7C90211E11B900E4E7B5 /* Build configuration list for PBXProject "Bicisendas" */ = {
			isa = XCConfigurationList;
			buildConfigurations = (
				6E5F7CA5211E11BB00E4E7B5 /* Debug */,
				6E5F7CA6211E11BB00E4E7B5 /* Release */,
			);
			defaultConfigurationIsVisible = 0;
			defaultConfigurationName = Release;
		};
		6E5F7CA7211E11BB00E4E7B5 /* Build configuration list for PBXNativeTarget "Bicisendas" */ = {
			isa = XCConfigurationList;
			buildConfigurations = (
				6E5F7CA8211E11BB00E4E7B5 /* Debug */,
				6E5F7CA9211E11BB00E4E7B5 /* Release */,
			);
			defaultConfigurationIsVisible = 0;
			defaultConfigurationName = Release;
		};
		6EAF5AA2215C378B00C9AC34 /* Build configuration list for PBXNativeTarget "BicisendasTests" */ = {
			isa = XCConfigurationList;
			buildConfigurations = (
				6EAF5AA3215C378B00C9AC34 /* Debug */,
				6EAF5AA4215C378B00C9AC34 /* Release */,
			);
			defaultConfigurationIsVisible = 0;
			defaultConfigurationName = Release;
		};
/* End XCConfigurationList section */
	};
	rootObject = 6E5F7C8D211E11B900E4E7B5 /* Project object */;
}
