// !$*UTF8*$!
{
	archiveVersion = 1;
	classes = {
	};
	objectVersion = 50;
	objects = {

/* Begin PBXBuildFile section */
		12DB66AC61603ADB5AC77EF9 /* Pods_Bicisendas.framework in Frameworks */ = {isa = PBXBuildFile; fileRef = C919799863352F86DC5DA96B /* Pods_Bicisendas.framework */; };
		6E5F7C99211E11B900E4E7B5 /* AppDelegate.swift in Sources */ = {isa = PBXBuildFile; fileRef = 6E5F7C98211E11B900E4E7B5 /* AppDelegate.swift */; };
		6E5F7C9B211E11B900E4E7B5 /* MapViewController.swift in Sources */ = {isa = PBXBuildFile; fileRef = 6E5F7C9A211E11B900E4E7B5 /* MapViewController.swift */; };
		6E5F7C9E211E11B900E4E7B5 /* Main.storyboard in Resources */ = {isa = PBXBuildFile; fileRef = 6E5F7C9C211E11B900E4E7B5 /* Main.storyboard */; };
		6E5F7CA0211E11BB00E4E7B5 /* Assets.xcassets in Resources */ = {isa = PBXBuildFile; fileRef = 6E5F7C9F211E11BB00E4E7B5 /* Assets.xcassets */; };
		6E5F7CA3211E11BB00E4E7B5 /* LaunchScreen.storyboard in Resources */ = {isa = PBXBuildFile; fileRef = 6E5F7CA1211E11BB00E4E7B5 /* LaunchScreen.storyboard */; };
		6EC8452E2128CB5E00E34491 /* Localizable.strings in Resources */ = {isa = PBXBuildFile; fileRef = 6EC8452C2128CB5E00E34491 /* Localizable.strings */; };
		6EF57721212C8AA200A17152 /* MapViewModel.swift in Sources */ = {isa = PBXBuildFile; fileRef = 6EF57720212C8AA200A17152 /* MapViewModel.swift */; };
		6EF57724212C8DAF00A17152 /* NetworkOperation.swift in Sources */ = {isa = PBXBuildFile; fileRef = 6EF57723212C8DAF00A17152 /* NetworkOperation.swift */; };
		6EF57727212C90D200A17152 /* NetworkOperation+Rx.swift in Sources */ = {isa = PBXBuildFile; fileRef = 6EF57726212C90D200A17152 /* NetworkOperation+Rx.swift */; };
		6EF57729212C921F00A17152 /* BikeStationsOperation.swift in Sources */ = {isa = PBXBuildFile; fileRef = 6EF57728212C921F00A17152 /* BikeStationsOperation.swift */; };
		6EF5772D212C92D300A17152 /* Request+Debugging.swift in Sources */ = {isa = PBXBuildFile; fileRef = 6EF5772C212C92D300A17152 /* Request+Debugging.swift */; };
		6EF57734212CB00800A17152 /* BikeStation.swift in Sources */ = {isa = PBXBuildFile; fileRef = 6EF57733212CB00800A17152 /* BikeStation.swift */; };
		6EF57735212CCB9700A17152 /* InfoPlist.strings in Resources */ = {isa = PBXBuildFile; fileRef = 6E79B44A21272CF200CC5B15 /* InfoPlist.strings */; };
		6EF57738212CCDC800A17152 /* GeoJSON.framework in Embed Frameworks */ = {isa = PBXBuildFile; fileRef = 6EF57717212C851400A17152 /* GeoJSON.framework */; settings = {ATTRIBUTES = (CodeSignOnCopy, RemoveHeadersOnCopy, ); }; };
		6EF5773C212CD8F000A17152 /* BikeStandMarkerAnnotationView.swift in Sources */ = {isa = PBXBuildFile; fileRef = 6EF5773B212CD8F000A17152 /* BikeStandMarkerAnnotationView.swift */; };
/* End PBXBuildFile section */

/* Begin PBXCopyFilesBuildPhase section */
		6EF57739212CCDC800A17152 /* Embed Frameworks */ = {
			isa = PBXCopyFilesBuildPhase;
			buildActionMask = 2147483647;
			dstPath = "";
			dstSubfolderSpec = 10;
			files = (
				6EF57738212CCDC800A17152 /* GeoJSON.framework in Embed Frameworks */,
			);
			name = "Embed Frameworks";
			runOnlyForDeploymentPostprocessing = 0;
		};
/* End PBXCopyFilesBuildPhase section */

/* Begin PBXFileReference section */
		22FE738DC1193FD5C2E95070 /* Pods-Bicisendas.release.xcconfig */ = {isa = PBXFileReference; includeInIndex = 1; lastKnownFileType = text.xcconfig; name = "Pods-Bicisendas.release.xcconfig"; path = "Pods/Target Support Files/Pods-Bicisendas/Pods-Bicisendas.release.xcconfig"; sourceTree = "<group>"; };
		613F2C873179532AFB7D892F /* Pods-Bicisendas.debug.xcconfig */ = {isa = PBXFileReference; includeInIndex = 1; lastKnownFileType = text.xcconfig; name = "Pods-Bicisendas.debug.xcconfig"; path = "Pods/Target Support Files/Pods-Bicisendas/Pods-Bicisendas.debug.xcconfig"; sourceTree = "<group>"; };
		6E5F7C95211E11B900E4E7B5 /* Bicisendas.app */ = {isa = PBXFileReference; explicitFileType = wrapper.application; includeInIndex = 0; path = Bicisendas.app; sourceTree = BUILT_PRODUCTS_DIR; };
		6E5F7C98211E11B900E4E7B5 /* AppDelegate.swift */ = {isa = PBXFileReference; lastKnownFileType = sourcecode.swift; path = AppDelegate.swift; sourceTree = "<group>"; };
		6E5F7C9A211E11B900E4E7B5 /* MapViewController.swift */ = {isa = PBXFileReference; lastKnownFileType = sourcecode.swift; path = MapViewController.swift; sourceTree = "<group>"; };
		6E5F7C9D211E11B900E4E7B5 /* Base */ = {isa = PBXFileReference; lastKnownFileType = file.storyboard; name = Base; path = Base.lproj/Main.storyboard; sourceTree = "<group>"; };
		6E5F7C9F211E11BB00E4E7B5 /* Assets.xcassets */ = {isa = PBXFileReference; lastKnownFileType = folder.assetcatalog; path = Assets.xcassets; sourceTree = "<group>"; };
		6E5F7CA2211E11BB00E4E7B5 /* Base */ = {isa = PBXFileReference; lastKnownFileType = file.storyboard; name = Base; path = Base.lproj/LaunchScreen.storyboard; sourceTree = "<group>"; };
		6E5F7CA4211E11BB00E4E7B5 /* Info.plist */ = {isa = PBXFileReference; lastKnownFileType = text.plist.xml; path = Info.plist; sourceTree = "<group>"; };
		6E79B44B21272CF700CC5B15 /* Base */ = {isa = PBXFileReference; lastKnownFileType = text.plist.strings; name = Base; path = Base.lproj/InfoPlist.strings; sourceTree = "<group>"; };
		6E79B44C21272E4800CC5B15 /* es */ = {isa = PBXFileReference; lastKnownFileType = text.plist.strings; name = es; path = es.lproj/Main.strings; sourceTree = "<group>"; };
		6E79B44D21272E4800CC5B15 /* es */ = {isa = PBXFileReference; lastKnownFileType = text.plist.strings; name = es; path = es.lproj/LaunchScreen.strings; sourceTree = "<group>"; };
		6E79B44E21272E4900CC5B15 /* es */ = {isa = PBXFileReference; lastKnownFileType = text.plist.strings; name = es; path = es.lproj/InfoPlist.strings; sourceTree = "<group>"; };
		6EC8452D2128CB5E00E34491 /* Base */ = {isa = PBXFileReference; lastKnownFileType = text.plist.strings; name = Base; path = Base.lproj/Localizable.strings; sourceTree = "<group>"; };
		6EC8452F2128CB6F00E34491 /* es */ = {isa = PBXFileReference; lastKnownFileType = text.plist.strings; name = es; path = es.lproj/Localizable.strings; sourceTree = "<group>"; };
		6EF57717212C851400A17152 /* GeoJSON.framework */ = {isa = PBXFileReference; explicitFileType = wrapper.framework; path = GeoJSON.framework; sourceTree = BUILT_PRODUCTS_DIR; };
		6EF57720212C8AA200A17152 /* MapViewModel.swift */ = {isa = PBXFileReference; lastKnownFileType = sourcecode.swift; path = MapViewModel.swift; sourceTree = "<group>"; };
		6EF57723212C8DAF00A17152 /* NetworkOperation.swift */ = {isa = PBXFileReference; lastKnownFileType = sourcecode.swift; path = NetworkOperation.swift; sourceTree = "<group>"; };
		6EF57726212C90D200A17152 /* NetworkOperation+Rx.swift */ = {isa = PBXFileReference; lastKnownFileType = sourcecode.swift; path = "NetworkOperation+Rx.swift"; sourceTree = "<group>"; };
		6EF57728212C921F00A17152 /* BikeStationsOperation.swift */ = {isa = PBXFileReference; lastKnownFileType = sourcecode.swift; path = BikeStationsOperation.swift; sourceTree = "<group>"; };
		6EF5772C212C92D300A17152 /* Request+Debugging.swift */ = {isa = PBXFileReference; lastKnownFileType = sourcecode.swift; path = "Request+Debugging.swift"; sourceTree = "<group>"; };
		6EF57733212CB00800A17152 /* BikeStation.swift */ = {isa = PBXFileReference; lastKnownFileType = sourcecode.swift; path = BikeStation.swift; sourceTree = "<group>"; };
		6EF5773B212CD8F000A17152 /* BikeStandMarkerAnnotationView.swift */ = {isa = PBXFileReference; lastKnownFileType = sourcecode.swift; path = BikeStandMarkerAnnotationView.swift; sourceTree = "<group>"; };
		C919799863352F86DC5DA96B /* Pods_Bicisendas.framework */ = {isa = PBXFileReference; explicitFileType = wrapper.framework; includeInIndex = 0; path = Pods_Bicisendas.framework; sourceTree = BUILT_PRODUCTS_DIR; };
/* End PBXFileReference section */

/* Begin PBXFrameworksBuildPhase section */
		6E5F7C92211E11B900E4E7B5 /* Frameworks */ = {
			isa = PBXFrameworksBuildPhase;
			buildActionMask = 2147483647;
			files = (
				12DB66AC61603ADB5AC77EF9 /* Pods_Bicisendas.framework in Frameworks */,
			);
			runOnlyForDeploymentPostprocessing = 0;
		};
/* End PBXFrameworksBuildPhase section */

/* Begin PBXGroup section */
		26702554596B7B1FADC555C9 /* Pods */ = {
			isa = PBXGroup;
			children = (
				613F2C873179532AFB7D892F /* Pods-Bicisendas.debug.xcconfig */,
				22FE738DC1193FD5C2E95070 /* Pods-Bicisendas.release.xcconfig */,
			);
			name = Pods;
			sourceTree = "<group>";
		};
		6E5F7C8C211E11B900E4E7B5 = {
			isa = PBXGroup;
			children = (
				6E5F7C97211E11B900E4E7B5 /* Bicisendas */,
				6E5F7C96211E11B900E4E7B5 /* Products */,
				26702554596B7B1FADC555C9 /* Pods */,
				CB1A78EC0C2FEF3F33002C6A /* Frameworks */,
			);
			sourceTree = "<group>";
		};
		6E5F7C96211E11B900E4E7B5 /* Products */ = {
			isa = PBXGroup;
			children = (
				6E5F7C95211E11B900E4E7B5 /* Bicisendas.app */,
			);
			name = Products;
			sourceTree = "<group>";
		};
		6E5F7C97211E11B900E4E7B5 /* Bicisendas */ = {
			isa = PBXGroup;
			children = (
				6EF5772A212C92BF00A17152 /* Extensions */,
				6EF57722212C8D8300A17152 /* Network */,
				6EF57732212CAFFF00A17152 /* Model */,
				6EF5771F212C8A9100A17152 /* ViewModels */,
				6EF5773A212CD8CB00A17152 /* Views */,
				6E5F7C98211E11B900E4E7B5 /* AppDelegate.swift */,
				6E5F7C9A211E11B900E4E7B5 /* MapViewController.swift */,
				6E5F7C9C211E11B900E4E7B5 /* Main.storyboard */,
				6E5F7C9F211E11BB00E4E7B5 /* Assets.xcassets */,
				6E5F7CA1211E11BB00E4E7B5 /* LaunchScreen.storyboard */,
				6EC8452C2128CB5E00E34491 /* Localizable.strings */,
				6E5F7CA4211E11BB00E4E7B5 /* Info.plist */,
				6E79B44A21272CF200CC5B15 /* InfoPlist.strings */,
			);
			path = Bicisendas;
			sourceTree = "<group>";
		};
		6EF5771F212C8A9100A17152 /* ViewModels */ = {
			isa = PBXGroup;
			children = (
				6EF57720212C8AA200A17152 /* MapViewModel.swift */,
			);
			path = ViewModels;
			sourceTree = "<group>";
		};
		6EF57722212C8D8300A17152 /* Network */ = {
			isa = PBXGroup;
			children = (
				6EF57725212C90C400A17152 /* Rx */,
				6EF57723212C8DAF00A17152 /* NetworkOperation.swift */,
				6EF57728212C921F00A17152 /* BikeStationsOperation.swift */,
			);
			path = Network;
			sourceTree = "<group>";
		};
		6EF57725212C90C400A17152 /* Rx */ = {
			isa = PBXGroup;
			children = (
				6EF57726212C90D200A17152 /* NetworkOperation+Rx.swift */,
			);
			path = Rx;
			sourceTree = "<group>";
		};
		6EF5772A212C92BF00A17152 /* Extensions */ = {
			isa = PBXGroup;
			children = (
				6EF5772B212C92C700A17152 /* Alamofire */,
			);
			path = Extensions;
			sourceTree = "<group>";
		};
		6EF5772B212C92C700A17152 /* Alamofire */ = {
			isa = PBXGroup;
			children = (
				6EF5772C212C92D300A17152 /* Request+Debugging.swift */,
			);
			path = Alamofire;
			sourceTree = "<group>";
		};
		6EF57732212CAFFF00A17152 /* Model */ = {
			isa = PBXGroup;
			children = (
				6EF57733212CB00800A17152 /* BikeStation.swift */,
			);
			path = Model;
			sourceTree = "<group>";
		};
		6EF5773A212CD8CB00A17152 /* Views */ = {
			isa = PBXGroup;
			children = (
				6EF5773B212CD8F000A17152 /* BikeStandMarkerAnnotationView.swift */,
			);
			path = Views;
			sourceTree = "<group>";
		};
		CB1A78EC0C2FEF3F33002C6A /* Frameworks */ = {
			isa = PBXGroup;
			children = (
				6EF57717212C851400A17152 /* GeoJSON.framework */,
				C919799863352F86DC5DA96B /* Pods_Bicisendas.framework */,
			);
			name = Frameworks;
			sourceTree = "<group>";
		};
/* End PBXGroup section */

/* Begin PBXNativeTarget section */
		6E5F7C94211E11B900E4E7B5 /* Bicisendas */ = {
			isa = PBXNativeTarget;
			buildConfigurationList = 6E5F7CA7211E11BB00E4E7B5 /* Build configuration list for PBXNativeTarget "Bicisendas" */;
			buildPhases = (
				AEDD623B0B3936AC2268677D /* [CP] Check Pods Manifest.lock */,
				6E5F7C91211E11B900E4E7B5 /* Sources */,
				6E5F7C92211E11B900E4E7B5 /* Frameworks */,
				6E5F7C93211E11B900E4E7B5 /* Resources */,
				6E017C532124A48E00227488 /* ShellScript */,
				6E79B4402127102800CC5B15 /* ShellScript */,
				92260787830B07DD31EB7B10 /* [CP] Embed Pods Frameworks */,
				6EF57739212CCDC800A17152 /* Embed Frameworks */,
			);
			buildRules = (
			);
			dependencies = (
			);
			name = Bicisendas;
			productName = Bicisendas;
			productReference = 6E5F7C95211E11B900E4E7B5 /* Bicisendas.app */;
			productType = "com.apple.product-type.application";
		};
/* End PBXNativeTarget section */

/* Begin PBXProject section */
		6E5F7C8D211E11B900E4E7B5 /* Project object */ = {
			isa = PBXProject;
			attributes = {
				LastSwiftUpdateCheck = 0940;
				LastUpgradeCheck = 0940;
				ORGANIZATIONNAME = "Pablo Bendersky";
				TargetAttributes = {
					6E5F7C94211E11B900E4E7B5 = {
						CreatedOnToolsVersion = 9.4.1;
					};
				};
			};
			buildConfigurationList = 6E5F7C90211E11B900E4E7B5 /* Build configuration list for PBXProject "Bicisendas" */;
			compatibilityVersion = "Xcode 9.3";
			developmentRegion = en;
			hasScannedForEncodings = 0;
			knownRegions = (
				en,
				Base,
				es,
			);
			mainGroup = 6E5F7C8C211E11B900E4E7B5;
			productRefGroup = 6E5F7C96211E11B900E4E7B5 /* Products */;
			projectDirPath = "";
			projectRoot = "";
			targets = (
				6E5F7C94211E11B900E4E7B5 /* Bicisendas */,
			);
		};
/* End PBXProject section */

/* Begin PBXResourcesBuildPhase section */
		6E5F7C93211E11B900E4E7B5 /* Resources */ = {
			isa = PBXResourcesBuildPhase;
			buildActionMask = 2147483647;
			files = (
				6EC8452E2128CB5E00E34491 /* Localizable.strings in Resources */,
				6E5F7CA3211E11BB00E4E7B5 /* LaunchScreen.storyboard in Resources */,
				6E5F7CA0211E11BB00E4E7B5 /* Assets.xcassets in Resources */,
				6E5F7C9E211E11B900E4E7B5 /* Main.storyboard in Resources */,
				6EF57735212CCB9700A17152 /* InfoPlist.strings in Resources */,
			);
			runOnlyForDeploymentPostprocessing = 0;
		};
/* End PBXResourcesBuildPhase section */

/* Begin PBXShellScriptBuildPhase section */
		6E017C532124A48E00227488 /* ShellScript */ = {
			isa = PBXShellScriptBuildPhase;
			buildActionMask = 2147483647;
			files = (
			);
			inputPaths = (
			);
			outputPaths = (
			);
			runOnlyForDeploymentPostprocessing = 0;
			shellPath = /bin/sh;
			shellScript = "${SRCROOT}/scripts/update_build_number.sh\n";
		};
		6E79B4402127102800CC5B15 /* ShellScript */ = {
			isa = PBXShellScriptBuildPhase;
			buildActionMask = 2147483647;
			files = (
			);
			inputPaths = (
			);
			outputPaths = (
			);
			runOnlyForDeploymentPostprocessing = 0;
			shellPath = /bin/sh;
			shellScript = "\"${PODS_ROOT}/Fabric/run\" 24647e4ab26ec7f84723318ce0a80d69f90daecf 9d069b76830834b8552a6a4ead3d83ad9ac00dae882cb1ba436b369875979547\n";
		};
		92260787830B07DD31EB7B10 /* [CP] Embed Pods Frameworks */ = {
			isa = PBXShellScriptBuildPhase;
			buildActionMask = 2147483647;
			files = (
			);
			inputPaths = (
				"${SRCROOT}/Pods/Target Support Files/Pods-Bicisendas/Pods-Bicisendas-frameworks.sh",
				"${BUILT_PRODUCTS_DIR}/Alamofire/Alamofire.framework",
				"${BUILT_PRODUCTS_DIR}/CodableAlamofire/CodableAlamofire.framework",
				"${BUILT_PRODUCTS_DIR}/RxCocoa/RxCocoa.framework",
				"${BUILT_PRODUCTS_DIR}/RxSwift/RxSwift.framework",
			);
			name = "[CP] Embed Pods Frameworks";
			outputPaths = (
				"${TARGET_BUILD_DIR}/${FRAMEWORKS_FOLDER_PATH}/Alamofire.framework",
				"${TARGET_BUILD_DIR}/${FRAMEWORKS_FOLDER_PATH}/CodableAlamofire.framework",
				"${TARGET_BUILD_DIR}/${FRAMEWORKS_FOLDER_PATH}/RxCocoa.framework",
				"${TARGET_BUILD_DIR}/${FRAMEWORKS_FOLDER_PATH}/RxSwift.framework",
			);
			runOnlyForDeploymentPostprocessing = 0;
			shellPath = /bin/sh;
			shellScript = "\"${SRCROOT}/Pods/Target Support Files/Pods-Bicisendas/Pods-Bicisendas-frameworks.sh\"\n";
			showEnvVarsInLog = 0;
		};
		AEDD623B0B3936AC2268677D /* [CP] Check Pods Manifest.lock */ = {
			isa = PBXShellScriptBuildPhase;
			buildActionMask = 2147483647;
			files = (
			);
			inputPaths = (
				"${PODS_PODFILE_DIR_PATH}/Podfile.lock",
				"${PODS_ROOT}/Manifest.lock",
			);
			name = "[CP] Check Pods Manifest.lock";
			outputPaths = (
				"$(DERIVED_FILE_DIR)/Pods-Bicisendas-checkManifestLockResult.txt",
			);
			runOnlyForDeploymentPostprocessing = 0;
			shellPath = /bin/sh;
			shellScript = "diff \"${PODS_PODFILE_DIR_PATH}/Podfile.lock\" \"${PODS_ROOT}/Manifest.lock\" > /dev/null\nif [ $? != 0 ] ; then\n    # print error to STDERR\n    echo \"error: The sandbox is not in sync with the Podfile.lock. Run 'pod install' or update your CocoaPods installation.\" >&2\n    exit 1\nfi\n# This output is used by Xcode 'outputs' to avoid re-running this script phase.\necho \"SUCCESS\" > \"${SCRIPT_OUTPUT_FILE_0}\"\n";
			showEnvVarsInLog = 0;
		};
/* End PBXShellScriptBuildPhase section */

/* Begin PBXSourcesBuildPhase section */
		6E5F7C91211E11B900E4E7B5 /* Sources */ = {
			isa = PBXSourcesBuildPhase;
			buildActionMask = 2147483647;
			files = (
				6EF5773C212CD8F000A17152 /* BikeStandMarkerAnnotationView.swift in Sources */,
				6EF57724212C8DAF00A17152 /* NetworkOperation.swift in Sources */,
				6E5F7C9B211E11B900E4E7B5 /* MapViewController.swift in Sources */,
				6E5F7C99211E11B900E4E7B5 /* AppDelegate.swift in Sources */,
				6EF5772D212C92D300A17152 /* Request+Debugging.swift in Sources */,
				6EF57729212C921F00A17152 /* BikeStationsOperation.swift in Sources */,
				6EF57734212CB00800A17152 /* BikeStation.swift in Sources */,
				6EF57721212C8AA200A17152 /* MapViewModel.swift in Sources */,
				6EF57727212C90D200A17152 /* NetworkOperation+Rx.swift in Sources */,
			);
			runOnlyForDeploymentPostprocessing = 0;
		};
/* End PBXSourcesBuildPhase section */

/* Begin PBXVariantGroup section */
		6E5F7C9C211E11B900E4E7B5 /* Main.storyboard */ = {
			isa = PBXVariantGroup;
			children = (
				6E5F7C9D211E11B900E4E7B5 /* Base */,
				6E79B44C21272E4800CC5B15 /* es */,
			);
			name = Main.storyboard;
			sourceTree = "<group>";
		};
		6E5F7CA1211E11BB00E4E7B5 /* LaunchScreen.storyboard */ = {
			isa = PBXVariantGroup;
			children = (
				6E5F7CA2211E11BB00E4E7B5 /* Base */,
				6E79B44D21272E4800CC5B15 /* es */,
			);
			name = LaunchScreen.storyboard;
			sourceTree = "<group>";
		};
		6E79B44A21272CF200CC5B15 /* InfoPlist.strings */ = {
			isa = PBXVariantGroup;
			children = (
				6E79B44B21272CF700CC5B15 /* Base */,
				6E79B44E21272E4900CC5B15 /* es */,
			);
			name = InfoPlist.strings;
			sourceTree = "<group>";
		};
		6EC8452C2128CB5E00E34491 /* Localizable.strings */ = {
			isa = PBXVariantGroup;
			children = (
				6EC8452D2128CB5E00E34491 /* Base */,
				6EC8452F2128CB6F00E34491 /* es */,
			);
			name = Localizable.strings;
			sourceTree = "<group>";
		};
/* End PBXVariantGroup section */

/* Begin XCBuildConfiguration section */
		6E5F7CA5211E11BB00E4E7B5 /* Debug */ = {
			isa = XCBuildConfiguration;
			buildSettings = {
				ALWAYS_SEARCH_USER_PATHS = NO;
				CLANG_ANALYZER_LOCALIZABILITY_NONLOCALIZED = YES;
				CLANG_ANALYZER_NONNULL = YES;
				CLANG_ANALYZER_NUMBER_OBJECT_CONVERSION = YES_AGGRESSIVE;
				CLANG_CXX_LANGUAGE_STANDARD = "gnu++14";
				CLANG_CXX_LIBRARY = "libc++";
				CLANG_ENABLE_MODULES = YES;
				CLANG_ENABLE_OBJC_ARC = YES;
				CLANG_ENABLE_OBJC_WEAK = YES;
				CLANG_WARN_BLOCK_CAPTURE_AUTORELEASING = YES;
				CLANG_WARN_BOOL_CONVERSION = YES;
				CLANG_WARN_COMMA = YES;
				CLANG_WARN_CONSTANT_CONVERSION = YES;
				CLANG_WARN_DEPRECATED_OBJC_IMPLEMENTATIONS = YES;
				CLANG_WARN_DIRECT_OBJC_ISA_USAGE = YES_ERROR;
				CLANG_WARN_DOCUMENTATION_COMMENTS = YES;
				CLANG_WARN_EMPTY_BODY = YES;
				CLANG_WARN_ENUM_CONVERSION = YES;
				CLANG_WARN_INFINITE_RECURSION = YES;
				CLANG_WARN_INT_CONVERSION = YES;
				CLANG_WARN_NON_LITERAL_NULL_CONVERSION = YES;
				CLANG_WARN_OBJC_IMPLICIT_RETAIN_SELF = YES;
				CLANG_WARN_OBJC_LITERAL_CONVERSION = YES;
				CLANG_WARN_OBJC_ROOT_CLASS = YES_ERROR;
				CLANG_WARN_RANGE_LOOP_ANALYSIS = YES;
				CLANG_WARN_STRICT_PROTOTYPES = YES;
				CLANG_WARN_SUSPICIOUS_MOVE = YES;
				CLANG_WARN_UNGUARDED_AVAILABILITY = YES_AGGRESSIVE;
				CLANG_WARN_UNREACHABLE_CODE = YES;
				CLANG_WARN__DUPLICATE_METHOD_MATCH = YES;
				CODE_SIGN_IDENTITY = "iPhone Developer";
				COPY_PHASE_STRIP = NO;
				DEBUG_INFORMATION_FORMAT = dwarf;
				ENABLE_STRICT_OBJC_MSGSEND = YES;
				ENABLE_TESTABILITY = YES;
				GCC_C_LANGUAGE_STANDARD = gnu11;
				GCC_DYNAMIC_NO_PIC = NO;
				GCC_NO_COMMON_BLOCKS = YES;
				GCC_OPTIMIZATION_LEVEL = 0;
				GCC_PREPROCESSOR_DEFINITIONS = (
					"DEBUG=1",
					"$(inherited)",
				);
				GCC_WARN_64_TO_32_BIT_CONVERSION = YES;
				GCC_WARN_ABOUT_RETURN_TYPE = YES_ERROR;
				GCC_WARN_UNDECLARED_SELECTOR = YES;
				GCC_WARN_UNINITIALIZED_AUTOS = YES_AGGRESSIVE;
				GCC_WARN_UNUSED_FUNCTION = YES;
				GCC_WARN_UNUSED_VARIABLE = YES;
				IPHONEOS_DEPLOYMENT_TARGET = 11.4;
				MTL_ENABLE_DEBUG_INFO = YES;
				ONLY_ACTIVE_ARCH = YES;
				SDKROOT = iphoneos;
				SWIFT_ACTIVE_COMPILATION_CONDITIONS = DEBUG;
				SWIFT_OPTIMIZATION_LEVEL = "-Onone";
			};
			name = Debug;
		};
		6E5F7CA6211E11BB00E4E7B5 /* Release */ = {
			isa = XCBuildConfiguration;
			buildSettings = {
				ALWAYS_SEARCH_USER_PATHS = NO;
				CLANG_ANALYZER_LOCALIZABILITY_NONLOCALIZED = YES;
				CLANG_ANALYZER_NONNULL = YES;
				CLANG_ANALYZER_NUMBER_OBJECT_CONVERSION = YES_AGGRESSIVE;
				CLANG_CXX_LANGUAGE_STANDARD = "gnu++14";
				CLANG_CXX_LIBRARY = "libc++";
				CLANG_ENABLE_MODULES = YES;
				CLANG_ENABLE_OBJC_ARC = YES;
				CLANG_ENABLE_OBJC_WEAK = YES;
				CLANG_WARN_BLOCK_CAPTURE_AUTORELEASING = YES;
				CLANG_WARN_BOOL_CONVERSION = YES;
				CLANG_WARN_COMMA = YES;
				CLANG_WARN_CONSTANT_CONVERSION = YES;
				CLANG_WARN_DEPRECATED_OBJC_IMPLEMENTATIONS = YES;
				CLANG_WARN_DIRECT_OBJC_ISA_USAGE = YES_ERROR;
				CLANG_WARN_DOCUMENTATION_COMMENTS = YES;
				CLANG_WARN_EMPTY_BODY = YES;
				CLANG_WARN_ENUM_CONVERSION = YES;
				CLANG_WARN_INFINITE_RECURSION = YES;
				CLANG_WARN_INT_CONVERSION = YES;
				CLANG_WARN_NON_LITERAL_NULL_CONVERSION = YES;
				CLANG_WARN_OBJC_IMPLICIT_RETAIN_SELF = YES;
				CLANG_WARN_OBJC_LITERAL_CONVERSION = YES;
				CLANG_WARN_OBJC_ROOT_CLASS = YES_ERROR;
				CLANG_WARN_RANGE_LOOP_ANALYSIS = YES;
				CLANG_WARN_STRICT_PROTOTYPES = YES;
				CLANG_WARN_SUSPICIOUS_MOVE = YES;
				CLANG_WARN_UNGUARDED_AVAILABILITY = YES_AGGRESSIVE;
				CLANG_WARN_UNREACHABLE_CODE = YES;
				CLANG_WARN__DUPLICATE_METHOD_MATCH = YES;
				CODE_SIGN_IDENTITY = "iPhone Developer";
				COPY_PHASE_STRIP = NO;
				DEBUG_INFORMATION_FORMAT = "dwarf-with-dsym";
				ENABLE_NS_ASSERTIONS = NO;
				ENABLE_STRICT_OBJC_MSGSEND = YES;
				GCC_C_LANGUAGE_STANDARD = gnu11;
				GCC_NO_COMMON_BLOCKS = YES;
				GCC_WARN_64_TO_32_BIT_CONVERSION = YES;
				GCC_WARN_ABOUT_RETURN_TYPE = YES_ERROR;
				GCC_WARN_UNDECLARED_SELECTOR = YES;
				GCC_WARN_UNINITIALIZED_AUTOS = YES_AGGRESSIVE;
				GCC_WARN_UNUSED_FUNCTION = YES;
				GCC_WARN_UNUSED_VARIABLE = YES;
				IPHONEOS_DEPLOYMENT_TARGET = 11.4;
				MTL_ENABLE_DEBUG_INFO = NO;
				SDKROOT = iphoneos;
				SWIFT_COMPILATION_MODE = wholemodule;
				SWIFT_OPTIMIZATION_LEVEL = "-O";
				VALIDATE_PRODUCT = YES;
			};
			name = Release;
		};
		6E5F7CA8211E11BB00E4E7B5 /* Debug */ = {
			isa = XCBuildConfiguration;
			baseConfigurationReference = 613F2C873179532AFB7D892F /* Pods-Bicisendas.debug.xcconfig */;
			buildSettings = {
				ASSETCATALOG_COMPILER_APPICON_NAME = AppIcon;
				CODE_SIGN_STYLE = Manual;
				DEVELOPMENT_TEAM = XF2KB83BBC;
				INFOPLIST_FILE = Bicisendas/Info.plist;
				LD_RUNPATH_SEARCH_PATHS = (
					"$(inherited)",
					"@executable_path/Frameworks",
				);
				PRODUCT_BUNDLE_IDENTIFIER = com.quadiontech.Bicisendas;
				PRODUCT_NAME = "$(TARGET_NAME)";
				PROVISIONING_PROFILE = "fc81501d-212f-43a1-9b5b-dd6b848968c4";
				PROVISIONING_PROFILE_SPECIFIER = "Bicisendas Development";
				SWIFT_VERSION = 4.0;
				TARGETED_DEVICE_FAMILY = 1;
			};
			name = Debug;
		};
		6E5F7CA9211E11BB00E4E7B5 /* Release */ = {
			isa = XCBuildConfiguration;
			baseConfigurationReference = 22FE738DC1193FD5C2E95070 /* Pods-Bicisendas.release.xcconfig */;
			buildSettings = {
				ASSETCATALOG_COMPILER_APPICON_NAME = AppIcon;
				CODE_SIGN_IDENTITY = "iPhone Distribution";
				CODE_SIGN_STYLE = Manual;
				DEVELOPMENT_TEAM = XF2KB83BBC;
				INFOPLIST_FILE = Bicisendas/Info.plist;
				LD_RUNPATH_SEARCH_PATHS = (
					"$(inherited)",
					"@executable_path/Frameworks",
				);
				PRODUCT_BUNDLE_IDENTIFIER = com.quadiontech.Bicisendas;
				PRODUCT_NAME = "$(TARGET_NAME)";
				PROVISIONING_PROFILE = "fdb2782f-7813-4d65-8b4e-863adf35769b";
				PROVISIONING_PROFILE_SPECIFIER = "Bicisendas AppStore";
				SWIFT_VERSION = 4.0;
				TARGETED_DEVICE_FAMILY = 1;
			};
			name = Release;
		};
/* End XCBuildConfiguration section */

/* Begin XCConfigurationList section */
		6E5F7C90211E11B900E4E7B5 /* Build configuration list for PBXProject "Bicisendas" */ = {
			isa = XCConfigurationList;
			buildConfigurations = (
				6E5F7CA5211E11BB00E4E7B5 /* Debug */,
				6E5F7CA6211E11BB00E4E7B5 /* Release */,
			);
			defaultConfigurationIsVisible = 0;
			defaultConfigurationName = Release;
		};
		6E5F7CA7211E11BB00E4E7B5 /* Build configuration list for PBXNativeTarget "Bicisendas" */ = {
			isa = XCConfigurationList;
			buildConfigurations = (
				6E5F7CA8211E11BB00E4E7B5 /* Debug */,
				6E5F7CA9211E11BB00E4E7B5 /* Release */,
			);
			defaultConfigurationIsVisible = 0;
			defaultConfigurationName = Release;
		};
/* End XCConfigurationList section */
	};
	rootObject = 6E5F7C8D211E11B900E4E7B5 /* Project object */;
}
